// !$*UTF8*$!
{
	archiveVersion = 1;
	classes = {
	};
	objectVersion = 51;
	objects = {

/* Begin PBXBuildFile section */
		292B1CED24AF0AA700B4EC79 /* DayCell.swift in Sources */ = {isa = PBXBuildFile; fileRef = 292B1CEC24AF0AA700B4EC79 /* DayCell.swift */; };
		2996A40D24B223A1007402FE /* PopupViewController.swift in Sources */ = {isa = PBXBuildFile; fileRef = 2996A40C24B223A1007402FE /* PopupViewController.swift */; };
		2996A40F24B2277E007402FE /* DetailEventCell.swift in Sources */ = {isa = PBXBuildFile; fileRef = 2996A40E24B2277E007402FE /* DetailEventCell.swift */; };
		8FCDCD3C2FCFB4C0002CBF75 /* Pods_ulink.framework in Frameworks */ = {isa = PBXBuildFile; fileRef = 0A4B5C39F0AFA31CC889C01E /* Pods_ulink.framework */; };
		B51EC8A324B1099700F3833B /* TimeTableSettingViewController.swift in Sources */ = {isa = PBXBuildFile; fileRef = B51EC8A224B1099700F3833B /* TimeTableSettingViewController.swift */; };
		B51EC8A624B1BF9300F3833B /* TimeTableListViewController.swift in Sources */ = {isa = PBXBuildFile; fileRef = B51EC8A524B1BF9300F3833B /* TimeTableListViewController.swift */; };
		B51EC8A824B1C4DF00F3833B /* ListSemester.swift in Sources */ = {isa = PBXBuildFile; fileRef = B51EC8A724B1C4DF00F3833B /* ListSemester.swift */; };
		B51EC8AA24B1C6F400F3833B /* TimeTableModel.swift in Sources */ = {isa = PBXBuildFile; fileRef = B51EC8A924B1C6F400F3833B /* TimeTableModel.swift */; };
		B599E62F24ADAA320067C112 /* Subject.swift in Sources */ = {isa = PBXBuildFile; fileRef = B599E62E24ADAA320067C112 /* Subject.swift */; };
		B599E63224ADAA7F0067C112 /* TimeTable.swift in Sources */ = {isa = PBXBuildFile; fileRef = B599E63124ADAA7F0067C112 /* TimeTable.swift */; };
		B599E63424ADAA960067C112 /* TimeTableDay.swift in Sources */ = {isa = PBXBuildFile; fileRef = B599E63324ADAA960067C112 /* TimeTableDay.swift */; };
		B599E63724ADAAB40067C112 /* TimeTableController.swift in Sources */ = {isa = PBXBuildFile; fileRef = B599E63624ADAAB40067C112 /* TimeTableController.swift */; };
		B599E63924ADAAD20067C112 /* SubjectCell.swift in Sources */ = {isa = PBXBuildFile; fileRef = B599E63824ADAAD20067C112 /* SubjectCell.swift */; };
		B5A2783F24ADDD3A00A0F4A4 /* TimeTableViewController.swift in Sources */ = {isa = PBXBuildFile; fileRef = B5A2783E24ADDD3A00A0F4A4 /* TimeTableViewController.swift */; };
		B5A2784224ADE0E500A0F4A4 /* Extenstions+UIColor.swift in Sources */ = {isa = PBXBuildFile; fileRef = B5A2784124ADE0E500A0F4A4 /* Extenstions+UIColor.swift */; };
		B5C8A3C824AF12DE00B1B318 /* CalendarViewController.swift in Sources */ = {isa = PBXBuildFile; fileRef = B5C8A3C724AF12DE00B1B318 /* CalendarViewController.swift */; };
		B5F0E41B24B1E4CF001AAFA6 /* TimeTableListCell.swift in Sources */ = {isa = PBXBuildFile; fileRef = B5F0E41A24B1E4CF001AAFA6 /* TimeTableListCell.swift */; };
		B5F0E41D24B214DB001AAFA6 /* TimeTableListHeader.swift in Sources */ = {isa = PBXBuildFile; fileRef = B5F0E41C24B214DB001AAFA6 /* TimeTableListHeader.swift */; };
		B5F0E41F24B21FFF001AAFA6 /* TimeTableListFooter.swift in Sources */ = {isa = PBXBuildFile; fileRef = B5F0E41E24B21FFF001AAFA6 /* TimeTableListFooter.swift */; };
		FD19DC0724AD01C5000C2AEC /* LoginViewController.swift in Sources */ = {isa = PBXBuildFile; fileRef = FD19DC0624AD01C5000C2AEC /* LoginViewController.swift */; };
		FD19DC0924AD02C8000C2AEC /* SignupViewController.swift in Sources */ = {isa = PBXBuildFile; fileRef = FD19DC0824AD02C8000C2AEC /* SignupViewController.swift */; };
		FD19DC0B24AD02ED000C2AEC /* UserModel.swift in Sources */ = {isa = PBXBuildFile; fileRef = FD19DC0A24AD02ED000C2AEC /* UserModel.swift */; };
		FD19DC0D24AD0356000C2AEC /* APIConstant.swift in Sources */ = {isa = PBXBuildFile; fileRef = FD19DC0C24AD0356000C2AEC /* APIConstant.swift */; };
		FD19DC0F24AD0365000C2AEC /* ChatModel.swift in Sources */ = {isa = PBXBuildFile; fileRef = FD19DC0E24AD0365000C2AEC /* ChatModel.swift */; };
		FD19DC1224AD03D6000C2AEC /* ChattingTableViewCell.swift in Sources */ = {isa = PBXBuildFile; fileRef = FD19DC1124AD03D6000C2AEC /* ChattingTableViewCell.swift */; };
		FD19DC1424AD03FB000C2AEC /* ChattingViewController.swift in Sources */ = {isa = PBXBuildFile; fileRef = FD19DC1324AD03FB000C2AEC /* ChattingViewController.swift */; };
		FD19DC1624AD04A2000C2AEC /* NetworkResult.swift in Sources */ = {isa = PBXBuildFile; fileRef = FD19DC1524AD04A2000C2AEC /* NetworkResult.swift */; };
		FD19DC1824AD061D000C2AEC /* ChattingRoomViewController.swift in Sources */ = {isa = PBXBuildFile; fileRef = FD19DC1724AD061D000C2AEC /* ChattingRoomViewController.swift */; };
		FD19DC1A24AD1121000C2AEC /* RemoteConfigDefaults.plist in Resources */ = {isa = PBXBuildFile; fileRef = FD19DC1924AD1121000C2AEC /* RemoteConfigDefaults.plist */; };
		FD19DC2F24ADDC95000C2AEC /* Calendar.storyboard in Resources */ = {isa = PBXBuildFile; fileRef = FD19DC2E24ADDC95000C2AEC /* Calendar.storyboard */; };
		FD19DC3124AE0B44000C2AEC /* ClassModel.swift in Sources */ = {isa = PBXBuildFile; fileRef = FD19DC3024AE0B44000C2AEC /* ClassModel.swift */; };
		FD45F24F24AA591300F304BD /* AppDelegate.swift in Sources */ = {isa = PBXBuildFile; fileRef = FD45F24E24AA591300F304BD /* AppDelegate.swift */; };
		FD45F25124AA591300F304BD /* SceneDelegate.swift in Sources */ = {isa = PBXBuildFile; fileRef = FD45F25024AA591300F304BD /* SceneDelegate.swift */; };
		FD45F25324AA591300F304BD /* ViewController.swift in Sources */ = {isa = PBXBuildFile; fileRef = FD45F25224AA591300F304BD /* ViewController.swift */; };
		FD45F25624AA591300F304BD /* Main.storyboard in Resources */ = {isa = PBXBuildFile; fileRef = FD45F25424AA591300F304BD /* Main.storyboard */; };
		FD45F25824AA591500F304BD /* Assets.xcassets in Resources */ = {isa = PBXBuildFile; fileRef = FD45F25724AA591500F304BD /* Assets.xcassets */; };
		FD45F25B24AA591500F304BD /* LaunchScreen.storyboard in Resources */ = {isa = PBXBuildFile; fileRef = FD45F25924AA591500F304BD /* LaunchScreen.storyboard */; };
		FD5CCBDB24AA6833009FCDDB /* Chatting.storyboard in Resources */ = {isa = PBXBuildFile; fileRef = FD5CCBDA24AA6833009FCDDB /* Chatting.storyboard */; };
		FD5CCBDD24AA69B2009FCDDB /* MyPage.storyboard in Resources */ = {isa = PBXBuildFile; fileRef = FD5CCBDC24AA69B2009FCDDB /* MyPage.storyboard */; };
		FD5CCBDF24AAF4AE009FCDDB /* GoogleService-Info.plist in Resources */ = {isa = PBXBuildFile; fileRef = FD5CCBDE24AAF4AE009FCDDB /* GoogleService-Info.plist */; };
		FD6B17A224B0F85000E8B9A8 /* ColorFilter.swift in Sources */ = {isa = PBXBuildFile; fileRef = FD6B17A124B0F85000E8B9A8 /* ColorFilter.swift */; };
		FD6B17A424B0F8BB00E8B9A8 /* TimeTable.storyboard in Resources */ = {isa = PBXBuildFile; fileRef = FD6B17A324B0F8BA00E8B9A8 /* TimeTable.storyboard */; };
		FDFAA0F324B03A8D00D22EAD /* rightSideMenuViewController.swift in Sources */ = {isa = PBXBuildFile; fileRef = FDFAA0F224B03A8D00D22EAD /* rightSideMenuViewController.swift */; };
		FDFAA0F524B0D1A600D22EAD /* NoticeViewController.swift in Sources */ = {isa = PBXBuildFile; fileRef = FDFAA0F424B0D1A600D22EAD /* NoticeViewController.swift */; };
		FDFAA0F724B0E0A400D22EAD /* NoticeTableViewCell.swift in Sources */ = {isa = PBXBuildFile; fileRef = FDFAA0F624B0E0A400D22EAD /* NoticeTableViewCell.swift */; };
/* End PBXBuildFile section */

/* Begin PBXFileReference section */
		0A4B5C39F0AFA31CC889C01E /* Pods_ulink.framework */ = {isa = PBXFileReference; explicitFileType = wrapper.framework; includeInIndex = 0; path = Pods_ulink.framework; sourceTree = BUILT_PRODUCTS_DIR; };
		292B1CEC24AF0AA700B4EC79 /* DayCell.swift */ = {isa = PBXFileReference; lastKnownFileType = sourcecode.swift; path = DayCell.swift; sourceTree = "<group>"; };
		2996A40C24B223A1007402FE /* PopupViewController.swift */ = {isa = PBXFileReference; lastKnownFileType = sourcecode.swift; path = PopupViewController.swift; sourceTree = "<group>"; };
		2996A40E24B2277E007402FE /* DetailEventCell.swift */ = {isa = PBXFileReference; lastKnownFileType = sourcecode.swift; path = DetailEventCell.swift; sourceTree = "<group>"; };
		4341E30B5DC34D43503419EF /* Pods-ulink.debug.xcconfig */ = {isa = PBXFileReference; includeInIndex = 1; lastKnownFileType = text.xcconfig; name = "Pods-ulink.debug.xcconfig"; path = "Target Support Files/Pods-ulink/Pods-ulink.debug.xcconfig"; sourceTree = "<group>"; };
		B305299F468407FD6C1FCE47 /* Pods-ulink.release.xcconfig */ = {isa = PBXFileReference; includeInIndex = 1; lastKnownFileType = text.xcconfig; name = "Pods-ulink.release.xcconfig"; path = "Target Support Files/Pods-ulink/Pods-ulink.release.xcconfig"; sourceTree = "<group>"; };
		B51EC8A224B1099700F3833B /* TimeTableSettingViewController.swift */ = {isa = PBXFileReference; lastKnownFileType = sourcecode.swift; path = TimeTableSettingViewController.swift; sourceTree = "<group>"; };
		B51EC8A524B1BF9300F3833B /* TimeTableListViewController.swift */ = {isa = PBXFileReference; lastKnownFileType = sourcecode.swift; path = TimeTableListViewController.swift; sourceTree = "<group>"; };
		B51EC8A724B1C4DF00F3833B /* ListSemester.swift */ = {isa = PBXFileReference; lastKnownFileType = sourcecode.swift; path = ListSemester.swift; sourceTree = "<group>"; };
		B51EC8A924B1C6F400F3833B /* TimeTableModel.swift */ = {isa = PBXFileReference; lastKnownFileType = sourcecode.swift; path = TimeTableModel.swift; sourceTree = "<group>"; };
		B599E62E24ADAA320067C112 /* Subject.swift */ = {isa = PBXFileReference; lastKnownFileType = sourcecode.swift; path = Subject.swift; sourceTree = "<group>"; };
		B599E63124ADAA7F0067C112 /* TimeTable.swift */ = {isa = PBXFileReference; lastKnownFileType = sourcecode.swift; path = TimeTable.swift; sourceTree = "<group>"; };
		B599E63324ADAA960067C112 /* TimeTableDay.swift */ = {isa = PBXFileReference; lastKnownFileType = sourcecode.swift; path = TimeTableDay.swift; sourceTree = "<group>"; };
		B599E63624ADAAB40067C112 /* TimeTableController.swift */ = {isa = PBXFileReference; lastKnownFileType = sourcecode.swift; path = TimeTableController.swift; sourceTree = "<group>"; };
		B599E63824ADAAD20067C112 /* SubjectCell.swift */ = {isa = PBXFileReference; lastKnownFileType = sourcecode.swift; path = SubjectCell.swift; sourceTree = "<group>"; };
		B5A2783E24ADDD3A00A0F4A4 /* TimeTableViewController.swift */ = {isa = PBXFileReference; lastKnownFileType = sourcecode.swift; path = TimeTableViewController.swift; sourceTree = "<group>"; };
		B5A2784124ADE0E500A0F4A4 /* Extenstions+UIColor.swift */ = {isa = PBXFileReference; lastKnownFileType = sourcecode.swift; path = "Extenstions+UIColor.swift"; sourceTree = "<group>"; };
		B5C8A3C724AF12DE00B1B318 /* CalendarViewController.swift */ = {isa = PBXFileReference; lastKnownFileType = sourcecode.swift; path = CalendarViewController.swift; sourceTree = "<group>"; };
		B5F0E41A24B1E4CF001AAFA6 /* TimeTableListCell.swift */ = {isa = PBXFileReference; lastKnownFileType = sourcecode.swift; path = TimeTableListCell.swift; sourceTree = "<group>"; };
		B5F0E41C24B214DB001AAFA6 /* TimeTableListHeader.swift */ = {isa = PBXFileReference; lastKnownFileType = sourcecode.swift; path = TimeTableListHeader.swift; sourceTree = "<group>"; };
		B5F0E41E24B21FFF001AAFA6 /* TimeTableListFooter.swift */ = {isa = PBXFileReference; lastKnownFileType = sourcecode.swift; path = TimeTableListFooter.swift; sourceTree = "<group>"; };
		FD19DC0624AD01C5000C2AEC /* LoginViewController.swift */ = {isa = PBXFileReference; lastKnownFileType = sourcecode.swift; path = LoginViewController.swift; sourceTree = "<group>"; };
		FD19DC0824AD02C8000C2AEC /* SignupViewController.swift */ = {isa = PBXFileReference; lastKnownFileType = sourcecode.swift; path = SignupViewController.swift; sourceTree = "<group>"; };
		FD19DC0A24AD02ED000C2AEC /* UserModel.swift */ = {isa = PBXFileReference; lastKnownFileType = sourcecode.swift; path = UserModel.swift; sourceTree = "<group>"; };
		FD19DC0C24AD0356000C2AEC /* APIConstant.swift */ = {isa = PBXFileReference; lastKnownFileType = sourcecode.swift; path = APIConstant.swift; sourceTree = "<group>"; };
		FD19DC0E24AD0365000C2AEC /* ChatModel.swift */ = {isa = PBXFileReference; lastKnownFileType = sourcecode.swift; path = ChatModel.swift; sourceTree = "<group>"; };
		FD19DC1124AD03D6000C2AEC /* ChattingTableViewCell.swift */ = {isa = PBXFileReference; lastKnownFileType = sourcecode.swift; path = ChattingTableViewCell.swift; sourceTree = "<group>"; };
		FD19DC1324AD03FB000C2AEC /* ChattingViewController.swift */ = {isa = PBXFileReference; lastKnownFileType = sourcecode.swift; path = ChattingViewController.swift; sourceTree = "<group>"; };
		FD19DC1524AD04A2000C2AEC /* NetworkResult.swift */ = {isa = PBXFileReference; lastKnownFileType = sourcecode.swift; path = NetworkResult.swift; sourceTree = "<group>"; };
		FD19DC1724AD061D000C2AEC /* ChattingRoomViewController.swift */ = {isa = PBXFileReference; lastKnownFileType = sourcecode.swift; path = ChattingRoomViewController.swift; sourceTree = "<group>"; };
		FD19DC1924AD1121000C2AEC /* RemoteConfigDefaults.plist */ = {isa = PBXFileReference; lastKnownFileType = text.plist.xml; path = RemoteConfigDefaults.plist; sourceTree = "<group>"; };
		FD19DC2E24ADDC95000C2AEC /* Calendar.storyboard */ = {isa = PBXFileReference; fileEncoding = 4; lastKnownFileType = file.storyboard; path = Calendar.storyboard; sourceTree = "<group>"; };
		FD19DC3024AE0B44000C2AEC /* ClassModel.swift */ = {isa = PBXFileReference; lastKnownFileType = sourcecode.swift; path = ClassModel.swift; sourceTree = "<group>"; };
		FD45F24B24AA591300F304BD /* ulink.app */ = {isa = PBXFileReference; explicitFileType = wrapper.application; includeInIndex = 0; path = ulink.app; sourceTree = BUILT_PRODUCTS_DIR; };
		FD45F24E24AA591300F304BD /* AppDelegate.swift */ = {isa = PBXFileReference; lastKnownFileType = sourcecode.swift; path = AppDelegate.swift; sourceTree = "<group>"; };
		FD45F25024AA591300F304BD /* SceneDelegate.swift */ = {isa = PBXFileReference; lastKnownFileType = sourcecode.swift; path = SceneDelegate.swift; sourceTree = "<group>"; };
		FD45F25224AA591300F304BD /* ViewController.swift */ = {isa = PBXFileReference; lastKnownFileType = sourcecode.swift; path = ViewController.swift; sourceTree = "<group>"; };
		FD45F25524AA591300F304BD /* Base */ = {isa = PBXFileReference; lastKnownFileType = file.storyboard; name = Base; path = Base.lproj/Main.storyboard; sourceTree = "<group>"; };
		FD45F25724AA591500F304BD /* Assets.xcassets */ = {isa = PBXFileReference; lastKnownFileType = folder.assetcatalog; path = Assets.xcassets; sourceTree = "<group>"; };
		FD45F25A24AA591500F304BD /* Base */ = {isa = PBXFileReference; lastKnownFileType = file.storyboard; name = Base; path = Base.lproj/LaunchScreen.storyboard; sourceTree = "<group>"; };
		FD45F25C24AA591500F304BD /* Info.plist */ = {isa = PBXFileReference; lastKnownFileType = text.plist.xml; path = Info.plist; sourceTree = "<group>"; };
		FD5CCBDA24AA6833009FCDDB /* Chatting.storyboard */ = {isa = PBXFileReference; lastKnownFileType = file.storyboard; path = Chatting.storyboard; sourceTree = "<group>"; };
		FD5CCBDC24AA69B2009FCDDB /* MyPage.storyboard */ = {isa = PBXFileReference; lastKnownFileType = file.storyboard; path = MyPage.storyboard; sourceTree = "<group>"; };
		FD5CCBDE24AAF4AE009FCDDB /* GoogleService-Info.plist */ = {isa = PBXFileReference; fileEncoding = 4; lastKnownFileType = text.plist.xml; path = "GoogleService-Info.plist"; sourceTree = "<group>"; };
		FD6B17A124B0F85000E8B9A8 /* ColorFilter.swift */ = {isa = PBXFileReference; lastKnownFileType = sourcecode.swift; path = ColorFilter.swift; sourceTree = "<group>"; };
		FD6B17A324B0F8BA00E8B9A8 /* TimeTable.storyboard */ = {isa = PBXFileReference; fileEncoding = 4; lastKnownFileType = file.storyboard; path = TimeTable.storyboard; sourceTree = "<group>"; };
		FDFAA0F224B03A8D00D22EAD /* rightSideMenuViewController.swift */ = {isa = PBXFileReference; lastKnownFileType = sourcecode.swift; path = rightSideMenuViewController.swift; sourceTree = "<group>"; };
		FDFAA0F424B0D1A600D22EAD /* NoticeViewController.swift */ = {isa = PBXFileReference; lastKnownFileType = sourcecode.swift; path = NoticeViewController.swift; sourceTree = "<group>"; };
		FDFAA0F624B0E0A400D22EAD /* NoticeTableViewCell.swift */ = {isa = PBXFileReference; lastKnownFileType = sourcecode.swift; path = NoticeTableViewCell.swift; sourceTree = "<group>"; };
/* End PBXFileReference section */

/* Begin PBXFrameworksBuildPhase section */
		FD45F24824AA591300F304BD /* Frameworks */ = {
			isa = PBXFrameworksBuildPhase;
			buildActionMask = 2147483647;
			files = (
				8FCDCD3C2FCFB4C0002CBF75 /* Pods_ulink.framework in Frameworks */,
			);
			runOnlyForDeploymentPostprocessing = 0;
		};
/* End PBXFrameworksBuildPhase section */

/* Begin PBXGroup section */
		674E96E3FC3FBA517F3C1116 /* Pods */ = {
			isa = PBXGroup;
			children = (
				4341E30B5DC34D43503419EF /* Pods-ulink.debug.xcconfig */,
				B305299F468407FD6C1FCE47 /* Pods-ulink.release.xcconfig */,
			);
			path = Pods;
			sourceTree = "<group>";
		};
		B51EC8A124B1097B00F3833B /* Setting */ = {
			isa = PBXGroup;
			children = (
				B51EC8A224B1099700F3833B /* TimeTableSettingViewController.swift */,
			);
			path = Setting;
			sourceTree = "<group>";
		};
		B51EC8A424B1BF7A00F3833B /* List */ = {
			isa = PBXGroup;
			children = (
				B51EC8A524B1BF9300F3833B /* TimeTableListViewController.swift */,
				B51EC8A724B1C4DF00F3833B /* ListSemester.swift */,
				B5F0E41A24B1E4CF001AAFA6 /* TimeTableListCell.swift */,
				B5F0E41C24B214DB001AAFA6 /* TimeTableListHeader.swift */,
				B5F0E41E24B21FFF001AAFA6 /* TimeTableListFooter.swift */,
			);
			path = List;
			sourceTree = "<group>";
		};
		B599E62D24ADA9FB0067C112 /* TimeTable */ = {
			isa = PBXGroup;
			children = (
				B51EC8A424B1BF7A00F3833B /* List */,
				B51EC8A124B1097B00F3833B /* Setting */,
				B599E63024ADAA6D0067C112 /* Subject */,
				B599E63124ADAA7F0067C112 /* TimeTable.swift */,
				B599E63324ADAA960067C112 /* TimeTableDay.swift */,
				B599E63624ADAAB40067C112 /* TimeTableController.swift */,
				B5A2783E24ADDD3A00A0F4A4 /* TimeTableViewController.swift */,
			);
			path = TimeTable;
			sourceTree = "<group>";
		};
		B599E63024ADAA6D0067C112 /* Subject */ = {
			isa = PBXGroup;
			children = (
				B599E62E24ADAA320067C112 /* Subject.swift */,
				B599E63824ADAAD20067C112 /* SubjectCell.swift */,
			);
			path = Subject;
			sourceTree = "<group>";
		};
		B5A2784024ADE0C600A0F4A4 /* Extension */ = {
			isa = PBXGroup;
			children = (
				B5A2784124ADE0E500A0F4A4 /* Extenstions+UIColor.swift */,
			);
			path = Extension;
			sourceTree = "<group>";
		};
		D3A4F7CDB1294EC6CB9EFD23 /* Frameworks */ = {
			isa = PBXGroup;
			children = (
				0A4B5C39F0AFA31CC889C01E /* Pods_ulink.framework */,
			);
			name = Frameworks;
			sourceTree = "<group>";
		};
		FD19DC0224AD016E000C2AEC /* API */ = {
			isa = PBXGroup;
			children = (
				FD19DC0C24AD0356000C2AEC /* APIConstant.swift */,
				FD19DC1524AD04A2000C2AEC /* NetworkResult.swift */,
			);
			path = API;
			sourceTree = "<group>";
		};
		FD19DC0324AD017C000C2AEC /* Model */ = {
			isa = PBXGroup;
			children = (
				FD19DC0A24AD02ED000C2AEC /* UserModel.swift */,
				FD19DC0E24AD0365000C2AEC /* ChatModel.swift */,
				FD19DC3024AE0B44000C2AEC /* ClassModel.swift */,
				B51EC8A924B1C6F400F3833B /* TimeTableModel.swift */,
			);
			path = Model;
			sourceTree = "<group>";
		};
		FD19DC0424AD018F000C2AEC /* Chatting */ = {
			isa = PBXGroup;
			children = (
				FD19DC1324AD03FB000C2AEC /* ChattingViewController.swift */,
				FD19DC1724AD061D000C2AEC /* ChattingRoomViewController.swift */,
				FDFAA0F224B03A8D00D22EAD /* rightSideMenuViewController.swift */,
				FDFAA0F424B0D1A600D22EAD /* NoticeViewController.swift */,
			);
			path = Chatting;
			sourceTree = "<group>";
		};
		FD19DC0524AD0198000C2AEC /* UserLogin */ = {
			isa = PBXGroup;
			children = (
				FD19DC0624AD01C5000C2AEC /* LoginViewController.swift */,
				FD19DC0824AD02C8000C2AEC /* SignupViewController.swift */,
			);
			path = UserLogin;
			sourceTree = "<group>";
		};
		FD19DC1024AD03B5000C2AEC /* Cell */ = {
			isa = PBXGroup;
			children = (
				FD19DC1124AD03D6000C2AEC /* ChattingTableViewCell.swift */,
				FDFAA0F624B0E0A400D22EAD /* NoticeTableViewCell.swift */,
				292B1CEC24AF0AA700B4EC79 /* DayCell.swift */,
				2996A40E24B2277E007402FE /* DetailEventCell.swift */,
			);
			path = Cell;
			sourceTree = "<group>";
		};
		FD19DC1B24ADD4CF000C2AEC /* Calendar */ = {
			isa = PBXGroup;
			children = (
				B5C8A3C724AF12DE00B1B318 /* CalendarViewController.swift */,
				2996A40C24B223A1007402FE /* PopupViewController.swift */,
			);
			path = Calendar;
			sourceTree = "<group>";
		};
		FD45F24224AA591300F304BD = {
			isa = PBXGroup;
			children = (
				FD45F24D24AA591300F304BD /* ulink */,
				FD45F24C24AA591300F304BD /* Products */,
				674E96E3FC3FBA517F3C1116 /* Pods */,
				D3A4F7CDB1294EC6CB9EFD23 /* Frameworks */,
			);
			sourceTree = "<group>";
		};
		FD45F24C24AA591300F304BD /* Products */ = {
			isa = PBXGroup;
			children = (
				FD45F24B24AA591300F304BD /* ulink.app */,
			);
			name = Products;
			sourceTree = "<group>";
		};
		FD45F24D24AA591300F304BD /* ulink */ = {
			isa = PBXGroup;
			children = (
				B5A2784024ADE0C600A0F4A4 /* Extension */,
				FD616CFF24AA5D2F007D54B5 /* Sources */,
				FD616CFE24AA5A91007D54B5 /* Resource */,
				FD45F25C24AA591500F304BD /* Info.plist */,
				FD5CCBDE24AAF4AE009FCDDB /* GoogleService-Info.plist */,
				FD19DC1924AD1121000C2AEC /* RemoteConfigDefaults.plist */,
			);
			path = ulink;
			sourceTree = "<group>";
		};
		FD616CFE24AA5A91007D54B5 /* Resource */ = {
			isa = PBXGroup;
			children = (
				FD6B17A024B0F83F00E8B9A8 /* Util */,
				FD19DC0324AD017C000C2AEC /* Model */,
				FD19DC0224AD016E000C2AEC /* API */,
				FD616D0024AA5D3F007D54B5 /* Storyboards */,
				FD45F25724AA591500F304BD /* Assets.xcassets */,
			);
			path = Resource;
			sourceTree = "<group>";
		};
		FD616CFF24AA5D2F007D54B5 /* Sources */ = {
			isa = PBXGroup;
			children = (
				FD19DC1024AD03B5000C2AEC /* Cell */,
				FD616D0124AA6631007D54B5 /* ViewControllers */,
				FD45F24E24AA591300F304BD /* AppDelegate.swift */,
				FD45F25024AA591300F304BD /* SceneDelegate.swift */,
			);
			path = Sources;
			sourceTree = "<group>";
		};
		FD616D0024AA5D3F007D54B5 /* Storyboards */ = {
			isa = PBXGroup;
			children = (
				FD6B17A324B0F8BA00E8B9A8 /* TimeTable.storyboard */,
				FD19DC2E24ADDC95000C2AEC /* Calendar.storyboard */,
				FD45F25424AA591300F304BD /* Main.storyboard */,
				FD45F25924AA591500F304BD /* LaunchScreen.storyboard */,
				FD5CCBDA24AA6833009FCDDB /* Chatting.storyboard */,
				FD5CCBDC24AA69B2009FCDDB /* MyPage.storyboard */,
			);
			path = Storyboards;
			sourceTree = "<group>";
		};
		FD616D0124AA6631007D54B5 /* ViewControllers */ = {
			isa = PBXGroup;
			children = (
				FD19DC1B24ADD4CF000C2AEC /* Calendar */,
				B599E62D24ADA9FB0067C112 /* TimeTable */,
				FD19DC0524AD0198000C2AEC /* UserLogin */,
				FD19DC0424AD018F000C2AEC /* Chatting */,
				FD45F25224AA591300F304BD /* ViewController.swift */,
			);
			path = ViewControllers;
			sourceTree = "<group>";
		};
		FD6B17A024B0F83F00E8B9A8 /* Util */ = {
			isa = PBXGroup;
			children = (
				FD6B17A124B0F85000E8B9A8 /* ColorFilter.swift */,
			);
			path = Util;
			sourceTree = "<group>";
		};
/* End PBXGroup section */

/* Begin PBXNativeTarget section */
		FD45F24A24AA591300F304BD /* ulink */ = {
			isa = PBXNativeTarget;
			buildConfigurationList = FD45F25F24AA591500F304BD /* Build configuration list for PBXNativeTarget "ulink" */;
			buildPhases = (
				4890382B331E2D337856DCE5 /* [CP] Check Pods Manifest.lock */,
				FD45F24724AA591300F304BD /* Sources */,
				FD45F24824AA591300F304BD /* Frameworks */,
				FD45F24924AA591300F304BD /* Resources */,
				54E1A07A6DCAEA6EDADA8D91 /* [CP] Embed Pods Frameworks */,
			);
			buildRules = (
			);
			dependencies = (
			);
			name = ulink;
			productName = ulink;
			productReference = FD45F24B24AA591300F304BD /* ulink.app */;
			productType = "com.apple.product-type.application";
		};
/* End PBXNativeTarget section */

/* Begin PBXProject section */
		FD45F24324AA591300F304BD /* Project object */ = {
			isa = PBXProject;
			attributes = {
				LastSwiftUpdateCheck = 1150;
				LastUpgradeCheck = 1150;
				ORGANIZATIONNAME = "송지훈";
				TargetAttributes = {
					FD45F24A24AA591300F304BD = {
						CreatedOnToolsVersion = 11.5;
					};
				};
			};
			buildConfigurationList = FD45F24624AA591300F304BD /* Build configuration list for PBXProject "ulink" */;
			compatibilityVersion = "Xcode 9.3";
			developmentRegion = en;
			hasScannedForEncodings = 0;
			knownRegions = (
				en,
				Base,
			);
			mainGroup = FD45F24224AA591300F304BD;
			productRefGroup = FD45F24C24AA591300F304BD /* Products */;
			projectDirPath = "";
			projectRoot = "";
			targets = (
				FD45F24A24AA591300F304BD /* ulink */,
			);
		};
/* End PBXProject section */

/* Begin PBXResourcesBuildPhase section */
		FD45F24924AA591300F304BD /* Resources */ = {
			isa = PBXResourcesBuildPhase;
			buildActionMask = 2147483647;
			files = (
				FD19DC2F24ADDC95000C2AEC /* Calendar.storyboard in Resources */,
				FD5CCBDB24AA6833009FCDDB /* Chatting.storyboard in Resources */,
				FD5CCBDF24AAF4AE009FCDDB /* GoogleService-Info.plist in Resources */,
				FD6B17A424B0F8BB00E8B9A8 /* TimeTable.storyboard in Resources */,
				FD45F25B24AA591500F304BD /* LaunchScreen.storyboard in Resources */,
				FD45F25824AA591500F304BD /* Assets.xcassets in Resources */,
				FD5CCBDD24AA69B2009FCDDB /* MyPage.storyboard in Resources */,
				FD19DC1A24AD1121000C2AEC /* RemoteConfigDefaults.plist in Resources */,
				FD45F25624AA591300F304BD /* Main.storyboard in Resources */,
			);
			runOnlyForDeploymentPostprocessing = 0;
		};
/* End PBXResourcesBuildPhase section */

/* Begin PBXShellScriptBuildPhase section */
		4890382B331E2D337856DCE5 /* [CP] Check Pods Manifest.lock */ = {
			isa = PBXShellScriptBuildPhase;
			buildActionMask = 2147483647;
			files = (
			);
			inputFileListPaths = (
			);
			inputPaths = (
				"${PODS_PODFILE_DIR_PATH}/Podfile.lock",
				"${PODS_ROOT}/Manifest.lock",
			);
			name = "[CP] Check Pods Manifest.lock";
			outputFileListPaths = (
			);
			outputPaths = (
				"$(DERIVED_FILE_DIR)/Pods-ulink-checkManifestLockResult.txt",
			);
			runOnlyForDeploymentPostprocessing = 0;
			shellPath = /bin/sh;
			shellScript = "diff \"${PODS_PODFILE_DIR_PATH}/Podfile.lock\" \"${PODS_ROOT}/Manifest.lock\" > /dev/null\nif [ $? != 0 ] ; then\n    # print error to STDERR\n    echo \"error: The sandbox is not in sync with the Podfile.lock. Run 'pod install' or update your CocoaPods installation.\" >&2\n    exit 1\nfi\n# This output is used by Xcode 'outputs' to avoid re-running this script phase.\necho \"SUCCESS\" > \"${SCRIPT_OUTPUT_FILE_0}\"\n";
			showEnvVarsInLog = 0;
		};
		54E1A07A6DCAEA6EDADA8D91 /* [CP] Embed Pods Frameworks */ = {
			isa = PBXShellScriptBuildPhase;
			buildActionMask = 2147483647;
			files = (
			);
			inputFileListPaths = (
				"${PODS_ROOT}/Target Support Files/Pods-ulink/Pods-ulink-frameworks-${CONFIGURATION}-input-files.xcfilelist",
			);
			name = "[CP] Embed Pods Frameworks";
			outputFileListPaths = (
				"${PODS_ROOT}/Target Support Files/Pods-ulink/Pods-ulink-frameworks-${CONFIGURATION}-output-files.xcfilelist",
			);
			runOnlyForDeploymentPostprocessing = 0;
			shellPath = /bin/sh;
			shellScript = "\"${PODS_ROOT}/Target Support Files/Pods-ulink/Pods-ulink-frameworks.sh\"\n";
			showEnvVarsInLog = 0;
		};
/* End PBXShellScriptBuildPhase section */

/* Begin PBXSourcesBuildPhase section */
		FD45F24724AA591300F304BD /* Sources */ = {
			isa = PBXSourcesBuildPhase;
			buildActionMask = 2147483647;
			files = (
				FD19DC0724AD01C5000C2AEC /* LoginViewController.swift in Sources */,
				2996A40F24B2277E007402FE /* DetailEventCell.swift in Sources */,
				B51EC8AA24B1C6F400F3833B /* TimeTableModel.swift in Sources */,
				FDFAA0F324B03A8D00D22EAD /* rightSideMenuViewController.swift in Sources */,
				B599E62F24ADAA320067C112 /* Subject.swift in Sources */,
				FD45F25324AA591300F304BD /* ViewController.swift in Sources */,
				FD19DC1624AD04A2000C2AEC /* NetworkResult.swift in Sources */,
				B5C8A3C824AF12DE00B1B318 /* CalendarViewController.swift in Sources */,
				FD19DC1224AD03D6000C2AEC /* ChattingTableViewCell.swift in Sources */,
				B5A2784224ADE0E500A0F4A4 /* Extenstions+UIColor.swift in Sources */,
				FD19DC0924AD02C8000C2AEC /* SignupViewController.swift in Sources */,
				FD19DC0F24AD0365000C2AEC /* ChatModel.swift in Sources */,
				B51EC8A624B1BF9300F3833B /* TimeTableListViewController.swift in Sources */,
				FD19DC1824AD061D000C2AEC /* ChattingRoomViewController.swift in Sources */,
				B5F0E41F24B21FFF001AAFA6 /* TimeTableListFooter.swift in Sources */,
				292B1CED24AF0AA700B4EC79 /* DayCell.swift in Sources */,
				FD19DC3124AE0B44000C2AEC /* ClassModel.swift in Sources */,
				B5A2783F24ADDD3A00A0F4A4 /* TimeTableViewController.swift in Sources */,
				B5F0E41D24B214DB001AAFA6 /* TimeTableListHeader.swift in Sources */,
				FD45F24F24AA591300F304BD /* AppDelegate.swift in Sources */,
				B51EC8A324B1099700F3833B /* TimeTableSettingViewController.swift in Sources */,
				FD6B17A224B0F85000E8B9A8 /* ColorFilter.swift in Sources */,
				B599E63224ADAA7F0067C112 /* TimeTable.swift in Sources */,
				B599E63924ADAAD20067C112 /* SubjectCell.swift in Sources */,
				FD19DC1424AD03FB000C2AEC /* ChattingViewController.swift in Sources */,
				FDFAA0F724B0E0A400D22EAD /* NoticeTableViewCell.swift in Sources */,
				FD19DC0B24AD02ED000C2AEC /* UserModel.swift in Sources */,
				FD19DC0D24AD0356000C2AEC /* APIConstant.swift in Sources */,
				B5F0E41B24B1E4CF001AAFA6 /* TimeTableListCell.swift in Sources */,
				B51EC8A824B1C4DF00F3833B /* ListSemester.swift in Sources */,
				FD45F25124AA591300F304BD /* SceneDelegate.swift in Sources */,
				2996A40D24B223A1007402FE /* PopupViewController.swift in Sources */,
				FDFAA0F524B0D1A600D22EAD /* NoticeViewController.swift in Sources */,
				B599E63724ADAAB40067C112 /* TimeTableController.swift in Sources */,
				B599E63424ADAA960067C112 /* TimeTableDay.swift in Sources */,
			);
			runOnlyForDeploymentPostprocessing = 0;
		};
/* End PBXSourcesBuildPhase section */

/* Begin PBXVariantGroup section */
		FD45F25424AA591300F304BD /* Main.storyboard */ = {
			isa = PBXVariantGroup;
			children = (
				FD45F25524AA591300F304BD /* Base */,
			);
			name = Main.storyboard;
			sourceTree = "<group>";
		};
		FD45F25924AA591500F304BD /* LaunchScreen.storyboard */ = {
			isa = PBXVariantGroup;
			children = (
				FD45F25A24AA591500F304BD /* Base */,
			);
			name = LaunchScreen.storyboard;
			sourceTree = "<group>";
		};
/* End PBXVariantGroup section */

/* Begin XCBuildConfiguration section */
		FD45F25D24AA591500F304BD /* Debug */ = {
			isa = XCBuildConfiguration;
			buildSettings = {
				ALWAYS_SEARCH_USER_PATHS = NO;
				CLANG_ANALYZER_NONNULL = YES;
				CLANG_ANALYZER_NUMBER_OBJECT_CONVERSION = YES_AGGRESSIVE;
				CLANG_CXX_LANGUAGE_STANDARD = "gnu++14";
				CLANG_CXX_LIBRARY = "libc++";
				CLANG_ENABLE_MODULES = YES;
				CLANG_ENABLE_OBJC_ARC = YES;
				CLANG_ENABLE_OBJC_WEAK = YES;
				CLANG_WARN_BLOCK_CAPTURE_AUTORELEASING = YES;
				CLANG_WARN_BOOL_CONVERSION = YES;
				CLANG_WARN_COMMA = YES;
				CLANG_WARN_CONSTANT_CONVERSION = YES;
				CLANG_WARN_DEPRECATED_OBJC_IMPLEMENTATIONS = YES;
				CLANG_WARN_DIRECT_OBJC_ISA_USAGE = YES_ERROR;
				CLANG_WARN_DOCUMENTATION_COMMENTS = YES;
				CLANG_WARN_EMPTY_BODY = YES;
				CLANG_WARN_ENUM_CONVERSION = YES;
				CLANG_WARN_INFINITE_RECURSION = YES;
				CLANG_WARN_INT_CONVERSION = YES;
				CLANG_WARN_NON_LITERAL_NULL_CONVERSION = YES;
				CLANG_WARN_OBJC_IMPLICIT_RETAIN_SELF = YES;
				CLANG_WARN_OBJC_LITERAL_CONVERSION = YES;
				CLANG_WARN_OBJC_ROOT_CLASS = YES_ERROR;
				CLANG_WARN_RANGE_LOOP_ANALYSIS = YES;
				CLANG_WARN_STRICT_PROTOTYPES = YES;
				CLANG_WARN_SUSPICIOUS_MOVE = YES;
				CLANG_WARN_UNGUARDED_AVAILABILITY = YES_AGGRESSIVE;
				CLANG_WARN_UNREACHABLE_CODE = YES;
				CLANG_WARN__DUPLICATE_METHOD_MATCH = YES;
				COPY_PHASE_STRIP = NO;
				DEBUG_INFORMATION_FORMAT = dwarf;
				ENABLE_STRICT_OBJC_MSGSEND = YES;
				ENABLE_TESTABILITY = YES;
				GCC_C_LANGUAGE_STANDARD = gnu11;
				GCC_DYNAMIC_NO_PIC = NO;
				GCC_NO_COMMON_BLOCKS = YES;
				GCC_OPTIMIZATION_LEVEL = 0;
				GCC_PREPROCESSOR_DEFINITIONS = (
					"DEBUG=1",
					"$(inherited)",
				);
				GCC_WARN_64_TO_32_BIT_CONVERSION = YES;
				GCC_WARN_ABOUT_RETURN_TYPE = YES_ERROR;
				GCC_WARN_UNDECLARED_SELECTOR = YES;
				GCC_WARN_UNINITIALIZED_AUTOS = YES_AGGRESSIVE;
				GCC_WARN_UNUSED_FUNCTION = YES;
				GCC_WARN_UNUSED_VARIABLE = YES;
				IPHONEOS_DEPLOYMENT_TARGET = 13.5;
				MTL_ENABLE_DEBUG_INFO = INCLUDE_SOURCE;
				MTL_FAST_MATH = YES;
				ONLY_ACTIVE_ARCH = YES;
				SDKROOT = iphoneos;
				SWIFT_ACTIVE_COMPILATION_CONDITIONS = DEBUG;
				SWIFT_OPTIMIZATION_LEVEL = "-Onone";
			};
			name = Debug;
		};
		FD45F25E24AA591500F304BD /* Release */ = {
			isa = XCBuildConfiguration;
			buildSettings = {
				ALWAYS_SEARCH_USER_PATHS = NO;
				CLANG_ANALYZER_NONNULL = YES;
				CLANG_ANALYZER_NUMBER_OBJECT_CONVERSION = YES_AGGRESSIVE;
				CLANG_CXX_LANGUAGE_STANDARD = "gnu++14";
				CLANG_CXX_LIBRARY = "libc++";
				CLANG_ENABLE_MODULES = YES;
				CLANG_ENABLE_OBJC_ARC = YES;
				CLANG_ENABLE_OBJC_WEAK = YES;
				CLANG_WARN_BLOCK_CAPTURE_AUTORELEASING = YES;
				CLANG_WARN_BOOL_CONVERSION = YES;
				CLANG_WARN_COMMA = YES;
				CLANG_WARN_CONSTANT_CONVERSION = YES;
				CLANG_WARN_DEPRECATED_OBJC_IMPLEMENTATIONS = YES;
				CLANG_WARN_DIRECT_OBJC_ISA_USAGE = YES_ERROR;
				CLANG_WARN_DOCUMENTATION_COMMENTS = YES;
				CLANG_WARN_EMPTY_BODY = YES;
				CLANG_WARN_ENUM_CONVERSION = YES;
				CLANG_WARN_INFINITE_RECURSION = YES;
				CLANG_WARN_INT_CONVERSION = YES;
				CLANG_WARN_NON_LITERAL_NULL_CONVERSION = YES;
				CLANG_WARN_OBJC_IMPLICIT_RETAIN_SELF = YES;
				CLANG_WARN_OBJC_LITERAL_CONVERSION = YES;
				CLANG_WARN_OBJC_ROOT_CLASS = YES_ERROR;
				CLANG_WARN_RANGE_LOOP_ANALYSIS = YES;
				CLANG_WARN_STRICT_PROTOTYPES = YES;
				CLANG_WARN_SUSPICIOUS_MOVE = YES;
				CLANG_WARN_UNGUARDED_AVAILABILITY = YES_AGGRESSIVE;
				CLANG_WARN_UNREACHABLE_CODE = YES;
				CLANG_WARN__DUPLICATE_METHOD_MATCH = YES;
				COPY_PHASE_STRIP = NO;
				DEBUG_INFORMATION_FORMAT = "dwarf-with-dsym";
				ENABLE_NS_ASSERTIONS = NO;
				ENABLE_STRICT_OBJC_MSGSEND = YES;
				GCC_C_LANGUAGE_STANDARD = gnu11;
				GCC_NO_COMMON_BLOCKS = YES;
				GCC_WARN_64_TO_32_BIT_CONVERSION = YES;
				GCC_WARN_ABOUT_RETURN_TYPE = YES_ERROR;
				GCC_WARN_UNDECLARED_SELECTOR = YES;
				GCC_WARN_UNINITIALIZED_AUTOS = YES_AGGRESSIVE;
				GCC_WARN_UNUSED_FUNCTION = YES;
				GCC_WARN_UNUSED_VARIABLE = YES;
				IPHONEOS_DEPLOYMENT_TARGET = 13.5;
				MTL_ENABLE_DEBUG_INFO = NO;
				MTL_FAST_MATH = YES;
				SDKROOT = iphoneos;
				SWIFT_COMPILATION_MODE = wholemodule;
				SWIFT_OPTIMIZATION_LEVEL = "-O";
				VALIDATE_PRODUCT = YES;
			};
			name = Release;
		};
		FD45F26024AA591500F304BD /* Debug */ = {
			isa = XCBuildConfiguration;
			baseConfigurationReference = 4341E30B5DC34D43503419EF /* Pods-ulink.debug.xcconfig */;
			buildSettings = {
				ASSETCATALOG_COMPILER_APPICON_NAME = AppIcon;
				CODE_SIGN_STYLE = Automatic;
				DEVELOPMENT_TEAM = "";
				INFOPLIST_FILE = ulink/Info.plist;
				LD_RUNPATH_SEARCH_PATHS = (
					"$(inherited)",
					"@executable_path/Frameworks",
				);
				PRODUCT_BUNDLE_IDENTIFIER = kone.ulink;
				PRODUCT_NAME = "$(TARGET_NAME)";
				SWIFT_VERSION = 5.0;
				TARGETED_DEVICE_FAMILY = "1,2";
			};
			name = Debug;
		};
		FD45F26124AA591500F304BD /* Release */ = {
			isa = XCBuildConfiguration;
			baseConfigurationReference = B305299F468407FD6C1FCE47 /* Pods-ulink.release.xcconfig */;
			buildSettings = {
				ASSETCATALOG_COMPILER_APPICON_NAME = AppIcon;
				CODE_SIGN_STYLE = Automatic;
				DEVELOPMENT_TEAM = "";
				INFOPLIST_FILE = ulink/Info.plist;
				LD_RUNPATH_SEARCH_PATHS = (
					"$(inherited)",
					"@executable_path/Frameworks",
				);
				PRODUCT_BUNDLE_IDENTIFIER = kone.ulink;
				PRODUCT_NAME = "$(TARGET_NAME)";
				SWIFT_VERSION = 5.0;
				TARGETED_DEVICE_FAMILY = "1,2";
			};
			name = Release;
		};
/* End XCBuildConfiguration section */

/* Begin XCConfigurationList section */
		FD45F24624AA591300F304BD /* Build configuration list for PBXProject "ulink" */ = {
			isa = XCConfigurationList;
			buildConfigurations = (
				FD45F25D24AA591500F304BD /* Debug */,
				FD45F25E24AA591500F304BD /* Release */,
			);
			defaultConfigurationIsVisible = 0;
			defaultConfigurationName = Release;
		};
		FD45F25F24AA591500F304BD /* Build configuration list for PBXNativeTarget "ulink" */ = {
			isa = XCConfigurationList;
			buildConfigurations = (
				FD45F26024AA591500F304BD /* Debug */,
				FD45F26124AA591500F304BD /* Release */,
			);
			defaultConfigurationIsVisible = 0;
			defaultConfigurationName = Release;
		};
/* End XCConfigurationList section */
	};
	rootObject = FD45F24324AA591300F304BD /* Project object */;
}
