// !$*UTF8*$!
{
	archiveVersion = 1;
	classes = {
	};
	objectVersion = 51;
	objects = {

/* Begin PBXBuildFile section */
		292B1CED24AF0AA700B4EC79 /* DayCell.swift in Sources */ = {isa = PBXBuildFile; fileRef = 292B1CEC24AF0AA700B4EC79 /* DayCell.swift */; };
		29970E4924BEB1F10034840E /* LoginService.swift in Sources */ = {isa = PBXBuildFile; fileRef = 29970E4824BEB1F10034840E /* LoginService.swift */; };
		29970E6D24BF662F0034840E /* ColorPick.storyboard in Resources */ = {isa = PBXBuildFile; fileRef = 29970E6C24BF662F0034840E /* ColorPick.storyboard */; };
		29970E7224BF90390034840E /* ColorPickViewController.swift in Sources */ = {isa = PBXBuildFile; fileRef = 29970E7124BF90390034840E /* ColorPickViewController.swift */; };
		29970E7424BF915F0034840E /* ColorPickCell.swift in Sources */ = {isa = PBXBuildFile; fileRef = 29970E7324BF915F0034840E /* ColorPickCell.swift */; };
		29970E7624BF9EC70034840E /* ColorModel.swift in Sources */ = {isa = PBXBuildFile; fileRef = 29970E7524BF9EC70034840E /* ColorModel.swift */; };
		299DA9F724C0327F00F023FD /* Alarm.storyboard in Resources */ = {isa = PBXBuildFile; fileRef = 299DA9F224C0327F00F023FD /* Alarm.storyboard */; };
		299DA9F824C0327F00F023FD /* Filter.storyboard in Resources */ = {isa = PBXBuildFile; fileRef = 299DA9F324C0327F00F023FD /* Filter.storyboard */; };
		299DA9F924C0327F00F023FD /* CreateTimeTable.storyboard in Resources */ = {isa = PBXBuildFile; fileRef = 299DA9F424C0327F00F023FD /* CreateTimeTable.storyboard */; };
		299DA9FA24C0327F00F023FD /* Search.storyboard in Resources */ = {isa = PBXBuildFile; fileRef = 299DA9F524C0327F00F023FD /* Search.storyboard */; };
		299DA9FB24C0327F00F023FD /* Review.storyboard in Resources */ = {isa = PBXBuildFile; fileRef = 299DA9F624C0327F00F023FD /* Review.storyboard */; };
		299DA9FD24C0328E00F023FD /* MyPage.storyboard in Resources */ = {isa = PBXBuildFile; fileRef = 299DA9FC24C0328E00F023FD /* MyPage.storyboard */; };
		299DA9FF24C0329500F023FD /* Chatting.storyboard in Resources */ = {isa = PBXBuildFile; fileRef = 299DA9FE24C0329500F023FD /* Chatting.storyboard */; };
		299DACF024B70AFF008181FA /* EventModel.swift in Sources */ = {isa = PBXBuildFile; fileRef = 299DACEF24B70AFF008181FA /* EventModel.swift */; };
		299DACF224B785FE008181FA /* EventListViewController.swift in Sources */ = {isa = PBXBuildFile; fileRef = 299DACF124B785FE008181FA /* EventListViewController.swift */; };
		299DACF424B78785008181FA /* EventCell.swift in Sources */ = {isa = PBXBuildFile; fileRef = 299DACF324B78785008181FA /* EventCell.swift */; };
		299DACFE24B813FE008181FA /* Calendar.storyboard in Resources */ = {isa = PBXBuildFile; fileRef = 299DACFD24B813FE008181FA /* Calendar.storyboard */; };
		299DAD0224B837B7008181FA /* EventListHeaderCell.swift in Sources */ = {isa = PBXBuildFile; fileRef = 299DAD0124B837B7008181FA /* EventListHeaderCell.swift */; };
		299DAD0E24BABC93008181FA /* AlarmViewController.swift in Sources */ = {isa = PBXBuildFile; fileRef = 299DAD0D24BABC93008181FA /* AlarmViewController.swift */; };
		299DAD1224BAF26D008181FA /* DetailEventViewController.swift in Sources */ = {isa = PBXBuildFile; fileRef = 299DAD1124BAF26C008181FA /* DetailEventViewController.swift */; };
		29AC520E24BB838A0007E019 /* Databases.swift in Sources */ = {isa = PBXBuildFile; fileRef = 29AC520D24BB838A0007E019 /* Databases.swift */; };
		29AC521124BB9E040007E019 /* SearchViewController.swift in Sources */ = {isa = PBXBuildFile; fileRef = 29AC521024BB9E040007E019 /* SearchViewController.swift */; };
		29AC521324BB9E5D0007E019 /* SearchedCell.swift in Sources */ = {isa = PBXBuildFile; fileRef = 29AC521224BB9E5D0007E019 /* SearchedCell.swift */; };
		29AC521524BB9E720007E019 /* RealTimeSearchCell.swift in Sources */ = {isa = PBXBuildFile; fileRef = 29AC521424BB9E720007E019 /* RealTimeSearchCell.swift */; };
		29AC521A24BC60910007E019 /* ReviewViewController.swift in Sources */ = {isa = PBXBuildFile; fileRef = 29AC521924BC60910007E019 /* ReviewViewController.swift */; };
		29AC521E24BCF8B50007E019 /* GradeSelectViewController.swift in Sources */ = {isa = PBXBuildFile; fileRef = 29AC521D24BCF8B50007E019 /* GradeSelectViewController.swift */; };
		29C6BB5D24BD92F80026747C /* CalendarService.swift in Sources */ = {isa = PBXBuildFile; fileRef = 29C6BB5C24BD92F80026747C /* CalendarService.swift */; };
		29C6BB5F24BD9EF20026747C /* CalendarData.swift in Sources */ = {isa = PBXBuildFile; fileRef = 29C6BB5E24BD9EF20026747C /* CalendarData.swift */; };
		29C6BB6224BE3DFE0026747C /* SearchRecommendData.swift in Sources */ = {isa = PBXBuildFile; fileRef = 29C6BB6124BE3DFE0026747C /* SearchRecommendData.swift */; };
		29C6BB6524BE3F080026747C /* SearchRecommendService.swift in Sources */ = {isa = PBXBuildFile; fileRef = 29C6BB6424BE3F080026747C /* SearchRecommendService.swift */; };
		8F83FB66AD3FD38DC68E8A6E /* Pods_ulink.framework in Frameworks */ = {isa = PBXBuildFile; fileRef = 9577339BBFCE6C2E3AD044C7 /* Pods_ulink.framework */; };
		B513511C24B7BA5300BD219B /* AddSubjectByDragViewController.swift in Sources */ = {isa = PBXBuildFile; fileRef = B513511B24B7BA5300BD219B /* AddSubjectByDragViewController.swift */; };
		B513511F24B86BE700BD219B /* AddSubjectDetailViewController.swift in Sources */ = {isa = PBXBuildFile; fileRef = B513511E24B86BE700BD219B /* AddSubjectDetailViewController.swift */; };
		B513512324B8BCD100BD219B /* TimeInfoModel.swift in Sources */ = {isa = PBXBuildFile; fileRef = B513512224B8BCD100BD219B /* TimeInfoModel.swift */; };
		B51EC8A324B1099700F3833B /* TimeTableSettingViewController.swift in Sources */ = {isa = PBXBuildFile; fileRef = B51EC8A224B1099700F3833B /* TimeTableSettingViewController.swift */; };
		B51EC8A624B1BF9300F3833B /* TimeTableListViewController.swift in Sources */ = {isa = PBXBuildFile; fileRef = B51EC8A524B1BF9300F3833B /* TimeTableListViewController.swift */; };
		B51EC8A824B1C4DF00F3833B /* ListSemester.swift in Sources */ = {isa = PBXBuildFile; fileRef = B51EC8A724B1C4DF00F3833B /* ListSemester.swift */; };
		B51EC8AA24B1C6F400F3833B /* TimeTableModel.swift in Sources */ = {isa = PBXBuildFile; fileRef = B51EC8A924B1C6F400F3833B /* TimeTableModel.swift */; };
		B52F9DE524BDA7E300B57CA1 /* MainTimeTableService.swift in Sources */ = {isa = PBXBuildFile; fileRef = B52F9DE424BDA7E300B57CA1 /* MainTimeTableService.swift */; };
		B52F9DE824BDA94800B57CA1 /* TimeTableResponse.swift in Sources */ = {isa = PBXBuildFile; fileRef = B52F9DE724BDA94800B57CA1 /* TimeTableResponse.swift */; };
		B52F9DEA24BE129000B57CA1 /* SubjectInfoCell.swift in Sources */ = {isa = PBXBuildFile; fileRef = B52F9DE924BE129000B57CA1 /* SubjectInfoCell.swift */; };
		B55F0ED824BCACBF007048A6 /* AlarmCell.swift in Sources */ = {isa = PBXBuildFile; fileRef = B55F0ED724BCACBF007048A6 /* AlarmCell.swift */; };
		B590A30F24C05133006637D0 /* PersonalScheduleService.swift in Sources */ = {isa = PBXBuildFile; fileRef = B590A30E24C05133006637D0 /* PersonalScheduleService.swift */; };
		B590A31124C0593B006637D0 /* SubjectService.swift in Sources */ = {isa = PBXBuildFile; fileRef = B590A31024C0593B006637D0 /* SubjectService.swift */; };
		B590A31524C0BFF8006637D0 /* CartService.swift in Sources */ = {isa = PBXBuildFile; fileRef = B590A31424C0BFF8006637D0 /* CartService.swift */; };
		B595298D24BCC7E5008139E6 /* AddTimeInfoCell.swift in Sources */ = {isa = PBXBuildFile; fileRef = B595298C24BCC7E5008139E6 /* AddTimeInfoCell.swift */; };
		B595298F24BCD592008139E6 /* CustomPickerViewController.swift in Sources */ = {isa = PBXBuildFile; fileRef = B595298E24BCD592008139E6 /* CustomPickerViewController.swift */; };
		B595299224BCFCF3008139E6 /* SubjectDetailViewController.swift in Sources */ = {isa = PBXBuildFile; fileRef = B595299124BCFCF3008139E6 /* SubjectDetailViewController.swift */; };
		B599E62F24ADAA320067C112 /* SubjectModel.swift in Sources */ = {isa = PBXBuildFile; fileRef = B599E62E24ADAA320067C112 /* SubjectModel.swift */; };
		B599E63224ADAA7F0067C112 /* TimeTable.swift in Sources */ = {isa = PBXBuildFile; fileRef = B599E63124ADAA7F0067C112 /* TimeTable.swift */; };
		B599E63424ADAA960067C112 /* TimeTableDay.swift in Sources */ = {isa = PBXBuildFile; fileRef = B599E63324ADAA960067C112 /* TimeTableDay.swift */; };
		B599E63724ADAAB40067C112 /* TimeTableController.swift in Sources */ = {isa = PBXBuildFile; fileRef = B599E63624ADAAB40067C112 /* TimeTableController.swift */; };
		B599E63924ADAAD20067C112 /* SubjectCell.swift in Sources */ = {isa = PBXBuildFile; fileRef = B599E63824ADAAD20067C112 /* SubjectCell.swift */; };
		B599FADB24BCA908005DB6E7 /* SubjectTimeInfoCell.swift in Sources */ = {isa = PBXBuildFile; fileRef = B599FADA24BCA908005DB6E7 /* SubjectTimeInfoCell.swift */; };
		B5A2783F24ADDD3A00A0F4A4 /* TimeTableViewController.swift in Sources */ = {isa = PBXBuildFile; fileRef = B5A2783E24ADDD3A00A0F4A4 /* TimeTableViewController.swift */; };
		B5A2784224ADE0E500A0F4A4 /* Extenstions+UIColor.swift in Sources */ = {isa = PBXBuildFile; fileRef = B5A2784124ADE0E500A0F4A4 /* Extenstions+UIColor.swift */; };
		B5C8A3C824AF12DE00B1B318 /* CalendarViewController.swift in Sources */ = {isa = PBXBuildFile; fileRef = B5C8A3C724AF12DE00B1B318 /* CalendarViewController.swift */; };
		B5D26A4A24B5E7E60047A2DC /* CreateNewSheetCell.swift in Sources */ = {isa = PBXBuildFile; fileRef = B5D26A4924B5E7E60047A2DC /* CreateNewSheetCell.swift */; };
		B5DBF3DC24BEF1A50013BB33 /* SubjectDetailService.swift in Sources */ = {isa = PBXBuildFile; fileRef = B5DBF3DB24BEF1A50013BB33 /* SubjectDetailService.swift */; };
		B5DBF3DE24BF7CAF0013BB33 /* ListTimeTableService.swift in Sources */ = {isa = PBXBuildFile; fileRef = B5DBF3DD24BF7CAF0013BB33 /* ListTimeTableService.swift */; };
		B5DBF3E024BFA6B40013BB33 /* TimeTableService.swift in Sources */ = {isa = PBXBuildFile; fileRef = B5DBF3DF24BFA6B40013BB33 /* TimeTableService.swift */; };
		B5DBF3E224C04BBA0013BB33 /* PersonalScheduleModel.swift in Sources */ = {isa = PBXBuildFile; fileRef = B5DBF3E124C04BBA0013BB33 /* PersonalScheduleModel.swift */; };
		B5F025D224C0FE40007403C9 /* TimeTableContainer.swift in Sources */ = {isa = PBXBuildFile; fileRef = B5F025D124C0FE3F007403C9 /* TimeTableContainer.swift */; };
		B5F025D424C113C5007403C9 /* SearchService.swift in Sources */ = {isa = PBXBuildFile; fileRef = B5F025D324C113C5007403C9 /* SearchService.swift */; };
		B5F025D624C11BDE007403C9 /* TimeTableSettingService.swift in Sources */ = {isa = PBXBuildFile; fileRef = B5F025D524C11BDE007403C9 /* TimeTableSettingService.swift */; };
		B5F0E41B24B1E4CF001AAFA6 /* TimeTableListCell.swift in Sources */ = {isa = PBXBuildFile; fileRef = B5F0E41A24B1E4CF001AAFA6 /* TimeTableListCell.swift */; };
		B5F0E41D24B214DB001AAFA6 /* TimeTableListHeader.swift in Sources */ = {isa = PBXBuildFile; fileRef = B5F0E41C24B214DB001AAFA6 /* TimeTableListHeader.swift */; };
		B5F0E41F24B21FFF001AAFA6 /* TimeTableListFooter.swift in Sources */ = {isa = PBXBuildFile; fileRef = B5F0E41E24B21FFF001AAFA6 /* TimeTableListFooter.swift */; };
		FD1398A724C02A4300C2B44C /* io_ulink_splash.gif in Resources */ = {isa = PBXBuildFile; fileRef = FD1398A624C02A4300C2B44C /* io_ulink_splash.gif */; };
		FD1398A924C0469900C2B44C /* io_login_img.gif in Resources */ = {isa = PBXBuildFile; fileRef = FD1398A824C0469800C2B44C /* io_login_img.gif */; };
		FD1398AB24C0646000C2B44C /* NoticeDeleteService.swift in Sources */ = {isa = PBXBuildFile; fileRef = FD1398AA24C0646000C2B44C /* NoticeDeleteService.swift */; };
		FD1398AE24C100CF00C2B44C /* MajorFilterService.swift in Sources */ = {isa = PBXBuildFile; fileRef = FD1398AD24C100CF00C2B44C /* MajorFilterService.swift */; };
		FD19DC0724AD01C5000C2AEC /* LoginViewController.swift in Sources */ = {isa = PBXBuildFile; fileRef = FD19DC0624AD01C5000C2AEC /* LoginViewController.swift */; };
		FD19DC0924AD02C8000C2AEC /* SignupViewController.swift in Sources */ = {isa = PBXBuildFile; fileRef = FD19DC0824AD02C8000C2AEC /* SignupViewController.swift */; };
		FD19DC0B24AD02ED000C2AEC /* UserModel.swift in Sources */ = {isa = PBXBuildFile; fileRef = FD19DC0A24AD02ED000C2AEC /* UserModel.swift */; };
		FD19DC0D24AD0356000C2AEC /* APIConstant.swift in Sources */ = {isa = PBXBuildFile; fileRef = FD19DC0C24AD0356000C2AEC /* APIConstant.swift */; };
		FD19DC0F24AD0365000C2AEC /* ChatModel.swift in Sources */ = {isa = PBXBuildFile; fileRef = FD19DC0E24AD0365000C2AEC /* ChatModel.swift */; };
		FD19DC1224AD03D6000C2AEC /* ChattingTableViewCell.swift in Sources */ = {isa = PBXBuildFile; fileRef = FD19DC1124AD03D6000C2AEC /* ChattingTableViewCell.swift */; };
		FD19DC1424AD03FB000C2AEC /* ChattingViewController.swift in Sources */ = {isa = PBXBuildFile; fileRef = FD19DC1324AD03FB000C2AEC /* ChattingViewController.swift */; };
		FD19DC1624AD04A2000C2AEC /* NetworkResult.swift in Sources */ = {isa = PBXBuildFile; fileRef = FD19DC1524AD04A2000C2AEC /* NetworkResult.swift */; };
		FD19DC1824AD061D000C2AEC /* ChattingRoomViewController.swift in Sources */ = {isa = PBXBuildFile; fileRef = FD19DC1724AD061D000C2AEC /* ChattingRoomViewController.swift */; };
		FD19DC1A24AD1121000C2AEC /* RemoteConfigDefaults.plist in Resources */ = {isa = PBXBuildFile; fileRef = FD19DC1924AD1121000C2AEC /* RemoteConfigDefaults.plist */; };
		FD19DC3124AE0B44000C2AEC /* ClassModel.swift in Sources */ = {isa = PBXBuildFile; fileRef = FD19DC3024AE0B44000C2AEC /* ClassModel.swift */; };
		FD1A4AFA24B5A0B7000120A6 /* CreateTimeTableCell.swift in Sources */ = {isa = PBXBuildFile; fileRef = FD1A4AF824B5A0B6000120A6 /* CreateTimeTableCell.swift */; };
		FD1A4AFB24B5A0B7000120A6 /* CreateTimeTableViewController.swift in Sources */ = {isa = PBXBuildFile; fileRef = FD1A4AF924B5A0B7000120A6 /* CreateTimeTableViewController.swift */; };
		FD1A4AFD24B60427000120A6 /* NoticeDetailViewController.swift in Sources */ = {isa = PBXBuildFile; fileRef = FD1A4AFC24B60427000120A6 /* NoticeDetailViewController.swift */; };
		FD1A4B0124B604B1000120A6 /* NoticeDetailTableCell.swift in Sources */ = {isa = PBXBuildFile; fileRef = FD1A4B0024B604B1000120A6 /* NoticeDetailTableCell.swift */; };
		FD45F24F24AA591300F304BD /* AppDelegate.swift in Sources */ = {isa = PBXBuildFile; fileRef = FD45F24E24AA591300F304BD /* AppDelegate.swift */; };
		FD45F25124AA591300F304BD /* SceneDelegate.swift in Sources */ = {isa = PBXBuildFile; fileRef = FD45F25024AA591300F304BD /* SceneDelegate.swift */; };
		FD45F25324AA591300F304BD /* ViewController.swift in Sources */ = {isa = PBXBuildFile; fileRef = FD45F25224AA591300F304BD /* ViewController.swift */; };
		FD45F25624AA591300F304BD /* Main.storyboard in Resources */ = {isa = PBXBuildFile; fileRef = FD45F25424AA591300F304BD /* Main.storyboard */; };
		FD45F25824AA591500F304BD /* Assets.xcassets in Resources */ = {isa = PBXBuildFile; fileRef = FD45F25724AA591500F304BD /* Assets.xcassets */; };
		FD45F25B24AA591500F304BD /* LaunchScreen.storyboard in Resources */ = {isa = PBXBuildFile; fileRef = FD45F25924AA591500F304BD /* LaunchScreen.storyboard */; };
		FD5CCBDF24AAF4AE009FCDDB /* GoogleService-Info.plist in Resources */ = {isa = PBXBuildFile; fileRef = FD5CCBDE24AAF4AE009FCDDB /* GoogleService-Info.plist */; };
		FD6B17A224B0F85000E8B9A8 /* ColorFilter.swift in Sources */ = {isa = PBXBuildFile; fileRef = FD6B17A124B0F85000E8B9A8 /* ColorFilter.swift */; };
		FD6B17A424B0F8BB00E8B9A8 /* TimeTable.storyboard in Resources */ = {isa = PBXBuildFile; fileRef = FD6B17A324B0F8BA00E8B9A8 /* TimeTable.storyboard */; };
		FD6B17AB24B195BE00E8B9A8 /* NoticeModel.swift in Sources */ = {isa = PBXBuildFile; fileRef = FD6B17AA24B195BE00E8B9A8 /* NoticeModel.swift */; };
		FD6B17AD24B1A2BC00E8B9A8 /* PopupViewController.swift in Sources */ = {isa = PBXBuildFile; fileRef = FD6B17AC24B1A2BC00E8B9A8 /* PopupViewController.swift */; };
		FD717F0C24BC22AE005C81AE /* MyPageViewController.swift in Sources */ = {isa = PBXBuildFile; fileRef = FD717F0B24BC22AE005C81AE /* MyPageViewController.swift */; };
		FD79B5CD24B713AB00020118 /* NoticeEditViewController.swift in Sources */ = {isa = PBXBuildFile; fileRef = FD79B5CC24B713AB00020118 /* NoticeEditViewController.swift */; };
		FD79B5D324B7148B00020118 /* NoticeEditTableViewCell.swift in Sources */ = {isa = PBXBuildFile; fileRef = FD79B5D224B7148B00020118 /* NoticeEditTableViewCell.swift */; };
		FD7C730E24BCA4C4003ADAE8 /* SignInData.swift in Sources */ = {isa = PBXBuildFile; fileRef = FD7C730D24BCA4C4003ADAE8 /* SignInData.swift */; };
		FD7C731424BCC70B003ADAE8 /* LoginSuccessData.swift in Sources */ = {isa = PBXBuildFile; fileRef = FD7C731324BCC70B003ADAE8 /* LoginSuccessData.swift */; };
		FD7E7BEE24BF37CE007CF404 /* LoadChattingListService.swift in Sources */ = {isa = PBXBuildFile; fileRef = FD7E7BED24BF37CE007CF404 /* LoadChattingListService.swift */; };
		FD7E7BF024BF3848007CF404 /* ChattingListModel.swift in Sources */ = {isa = PBXBuildFile; fileRef = FD7E7BEF24BF3848007CF404 /* ChattingListModel.swift */; };
		FD7E7BF724BF4F27007CF404 /* SplashViewController.swift in Sources */ = {isa = PBXBuildFile; fileRef = FD7E7BF624BF4F27007CF404 /* SplashViewController.swift */; };
		FD7E7BFF24BF6657007CF404 /* ChattingListData.swift in Sources */ = {isa = PBXBuildFile; fileRef = FD7E7BFE24BF6657007CF404 /* ChattingListData.swift */; };
		FD8EE90624B73939000E5A48 /* NoticeEditModeViewController.swift in Sources */ = {isa = PBXBuildFile; fileRef = FD8EE90524B73939000E5A48 /* NoticeEditModeViewController.swift */; };
		FD8EE90924B7820F000E5A48 /* timeModel.swift in Sources */ = {isa = PBXBuildFile; fileRef = FD8EE90824B7820F000E5A48 /* timeModel.swift */; };
		FD8EE90C24B80918000E5A48 /* pickerTimeModel.swift in Sources */ = {isa = PBXBuildFile; fileRef = FD8EE90B24B80918000E5A48 /* pickerTimeModel.swift */; };
		FD8EE90E24B83744000E5A48 /* MessageModel.swift in Sources */ = {isa = PBXBuildFile; fileRef = FD8EE90D24B83744000E5A48 /* MessageModel.swift */; };
		FDFA3A8324BCE7B700CB8939 /* NormalFilterViewController.swift in Sources */ = {isa = PBXBuildFile; fileRef = FDFA3A8224BCE7B700CB8939 /* NormalFilterViewController.swift */; };
		FDFA3A8524BCF27600CB8939 /* MajorFilterViewController.swift in Sources */ = {isa = PBXBuildFile; fileRef = FDFA3A8424BCF27600CB8939 /* MajorFilterViewController.swift */; };
		FDFA3A8724BD7DD100CB8939 /* MajorFilterTableViewCell.swift in Sources */ = {isa = PBXBuildFile; fileRef = FDFA3A8624BD7DD100CB8939 /* MajorFilterTableViewCell.swift */; };
		FDFA3A8D24BDA63000CB8939 /* SubjectNoticeData.swift in Sources */ = {isa = PBXBuildFile; fileRef = FDFA3A8C24BDA63000CB8939 /* SubjectNoticeData.swift */; };
		FDFA3A8F24BDA83300CB8939 /* NoticeService.swift in Sources */ = {isa = PBXBuildFile; fileRef = FDFA3A8E24BDA83300CB8939 /* NoticeService.swift */; };
		FDFA3A9224BE288D00CB8939 /* NoticeTableViewCellTwo.swift in Sources */ = {isa = PBXBuildFile; fileRef = FDFA3A9124BE288D00CB8939 /* NoticeTableViewCellTwo.swift */; };
		FDFA3A9424BE28A500CB8939 /* NoticeTableViewCellThree.swift in Sources */ = {isa = PBXBuildFile; fileRef = FDFA3A9324BE28A500CB8939 /* NoticeTableViewCellThree.swift */; };
		FDFA3A9624BE3E8D00CB8939 /* NoticeDetailService.swift in Sources */ = {isa = PBXBuildFile; fileRef = FDFA3A9524BE3E8D00CB8939 /* NoticeDetailService.swift */; };
		FDFA3A9824BEA7DA00CB8939 /* NoticeEditService.swift in Sources */ = {isa = PBXBuildFile; fileRef = FDFA3A9724BEA7DA00CB8939 /* NoticeEditService.swift */; };
		FDFA3A9A24BEAFCE00CB8939 /* LoginService.swift in Sources */ = {isa = PBXBuildFile; fileRef = FDFA3A9924BEAFCE00CB8939 /* LoginService.swift */; };
		FDFA3A9C24BEB4DD00CB8939 /* NoticeUploadData.swift in Sources */ = {isa = PBXBuildFile; fileRef = FDFA3A9B24BEB4DD00CB8939 /* NoticeUploadData.swift */; };
		FDFA3A9E24BEF6E200CB8939 /* NoticeModifyService.swift in Sources */ = {isa = PBXBuildFile; fileRef = FDFA3A9D24BEF6E200CB8939 /* NoticeModifyService.swift */; };
		FDFAA0F324B03A8D00D22EAD /* rightSideMenuViewController.swift in Sources */ = {isa = PBXBuildFile; fileRef = FDFAA0F224B03A8D00D22EAD /* rightSideMenuViewController.swift */; };
		FDFAA0F524B0D1A600D22EAD /* NoticeViewController.swift in Sources */ = {isa = PBXBuildFile; fileRef = FDFAA0F424B0D1A600D22EAD /* NoticeViewController.swift */; };
		FDFAA0F724B0E0A400D22EAD /* NoticeTableViewCell.swift in Sources */ = {isa = PBXBuildFile; fileRef = FDFAA0F624B0E0A400D22EAD /* NoticeTableViewCell.swift */; };
/* End PBXBuildFile section */

/* Begin PBXFileReference section */
		292B1CEC24AF0AA700B4EC79 /* DayCell.swift */ = {isa = PBXFileReference; lastKnownFileType = sourcecode.swift; path = DayCell.swift; sourceTree = "<group>"; };
		29970E4824BEB1F10034840E /* LoginService.swift */ = {isa = PBXFileReference; fileEncoding = 4; lastKnownFileType = sourcecode.swift; path = LoginService.swift; sourceTree = "<group>"; };
		29970E6C24BF662F0034840E /* ColorPick.storyboard */ = {isa = PBXFileReference; lastKnownFileType = file.storyboard; path = ColorPick.storyboard; sourceTree = "<group>"; };
		29970E7124BF90390034840E /* ColorPickViewController.swift */ = {isa = PBXFileReference; lastKnownFileType = sourcecode.swift; path = ColorPickViewController.swift; sourceTree = "<group>"; };
		29970E7324BF915F0034840E /* ColorPickCell.swift */ = {isa = PBXFileReference; lastKnownFileType = sourcecode.swift; path = ColorPickCell.swift; sourceTree = "<group>"; };
		29970E7524BF9EC70034840E /* ColorModel.swift */ = {isa = PBXFileReference; lastKnownFileType = sourcecode.swift; path = ColorModel.swift; sourceTree = "<group>"; };
		299DA9F224C0327F00F023FD /* Alarm.storyboard */ = {isa = PBXFileReference; fileEncoding = 4; lastKnownFileType = file.storyboard; path = Alarm.storyboard; sourceTree = "<group>"; };
		299DA9F324C0327F00F023FD /* Filter.storyboard */ = {isa = PBXFileReference; fileEncoding = 4; lastKnownFileType = file.storyboard; path = Filter.storyboard; sourceTree = "<group>"; };
		299DA9F424C0327F00F023FD /* CreateTimeTable.storyboard */ = {isa = PBXFileReference; fileEncoding = 4; lastKnownFileType = file.storyboard; path = CreateTimeTable.storyboard; sourceTree = "<group>"; };
		299DA9F524C0327F00F023FD /* Search.storyboard */ = {isa = PBXFileReference; fileEncoding = 4; lastKnownFileType = file.storyboard; path = Search.storyboard; sourceTree = "<group>"; };
		299DA9F624C0327F00F023FD /* Review.storyboard */ = {isa = PBXFileReference; fileEncoding = 4; lastKnownFileType = file.storyboard; path = Review.storyboard; sourceTree = "<group>"; };
		299DA9FC24C0328E00F023FD /* MyPage.storyboard */ = {isa = PBXFileReference; fileEncoding = 4; lastKnownFileType = file.storyboard; path = MyPage.storyboard; sourceTree = "<group>"; };
		299DA9FE24C0329500F023FD /* Chatting.storyboard */ = {isa = PBXFileReference; fileEncoding = 4; lastKnownFileType = file.storyboard; path = Chatting.storyboard; sourceTree = "<group>"; };
		299DACEF24B70AFF008181FA /* EventModel.swift */ = {isa = PBXFileReference; lastKnownFileType = sourcecode.swift; name = EventModel.swift; path = ulink/Sources/View/Calendar/EventModel.swift; sourceTree = SOURCE_ROOT; };
		299DACF124B785FE008181FA /* EventListViewController.swift */ = {isa = PBXFileReference; lastKnownFileType = sourcecode.swift; path = EventListViewController.swift; sourceTree = "<group>"; };
		299DACF324B78785008181FA /* EventCell.swift */ = {isa = PBXFileReference; lastKnownFileType = sourcecode.swift; path = EventCell.swift; sourceTree = "<group>"; };
		299DACFD24B813FE008181FA /* Calendar.storyboard */ = {isa = PBXFileReference; fileEncoding = 4; lastKnownFileType = file.storyboard; path = Calendar.storyboard; sourceTree = "<group>"; };
		299DAD0124B837B7008181FA /* EventListHeaderCell.swift */ = {isa = PBXFileReference; lastKnownFileType = sourcecode.swift; path = EventListHeaderCell.swift; sourceTree = "<group>"; };
		299DAD0D24BABC93008181FA /* AlarmViewController.swift */ = {isa = PBXFileReference; lastKnownFileType = sourcecode.swift; path = AlarmViewController.swift; sourceTree = "<group>"; };
		299DAD1124BAF26C008181FA /* DetailEventViewController.swift */ = {isa = PBXFileReference; fileEncoding = 4; lastKnownFileType = sourcecode.swift; path = DetailEventViewController.swift; sourceTree = "<group>"; };
		29AC520D24BB838A0007E019 /* Databases.swift */ = {isa = PBXFileReference; lastKnownFileType = sourcecode.swift; path = Databases.swift; sourceTree = "<group>"; };
		29AC521024BB9E040007E019 /* SearchViewController.swift */ = {isa = PBXFileReference; lastKnownFileType = sourcecode.swift; path = SearchViewController.swift; sourceTree = "<group>"; };
		29AC521224BB9E5D0007E019 /* SearchedCell.swift */ = {isa = PBXFileReference; lastKnownFileType = sourcecode.swift; path = SearchedCell.swift; sourceTree = "<group>"; };
		29AC521424BB9E720007E019 /* RealTimeSearchCell.swift */ = {isa = PBXFileReference; lastKnownFileType = sourcecode.swift; path = RealTimeSearchCell.swift; sourceTree = "<group>"; };
		29AC521924BC60910007E019 /* ReviewViewController.swift */ = {isa = PBXFileReference; lastKnownFileType = sourcecode.swift; path = ReviewViewController.swift; sourceTree = "<group>"; };
		29AC521D24BCF8B50007E019 /* GradeSelectViewController.swift */ = {isa = PBXFileReference; lastKnownFileType = sourcecode.swift; path = GradeSelectViewController.swift; sourceTree = "<group>"; };
		29C6BB5C24BD92F80026747C /* CalendarService.swift */ = {isa = PBXFileReference; lastKnownFileType = sourcecode.swift; path = CalendarService.swift; sourceTree = "<group>"; };
		29C6BB5E24BD9EF20026747C /* CalendarData.swift */ = {isa = PBXFileReference; lastKnownFileType = sourcecode.swift; name = CalendarData.swift; path = ulink/Resource/Network/Calendar/CalendarData.swift; sourceTree = SOURCE_ROOT; };
		29C6BB6124BE3DFE0026747C /* SearchRecommendData.swift */ = {isa = PBXFileReference; lastKnownFileType = sourcecode.swift; path = SearchRecommendData.swift; sourceTree = "<group>"; };
		29C6BB6424BE3F080026747C /* SearchRecommendService.swift */ = {isa = PBXFileReference; lastKnownFileType = sourcecode.swift; path = SearchRecommendService.swift; sourceTree = "<group>"; };
		55811ECF95B6405A848C7F0E /* Pods-ulink.release.xcconfig */ = {isa = PBXFileReference; includeInIndex = 1; lastKnownFileType = text.xcconfig; name = "Pods-ulink.release.xcconfig"; path = "Target Support Files/Pods-ulink/Pods-ulink.release.xcconfig"; sourceTree = "<group>"; };
		925CCBD7FDB6FCC72DBB5D65 /* Pods-ulink.debug.xcconfig */ = {isa = PBXFileReference; includeInIndex = 1; lastKnownFileType = text.xcconfig; name = "Pods-ulink.debug.xcconfig"; path = "Target Support Files/Pods-ulink/Pods-ulink.debug.xcconfig"; sourceTree = "<group>"; };
		9577339BBFCE6C2E3AD044C7 /* Pods_ulink.framework */ = {isa = PBXFileReference; explicitFileType = wrapper.framework; includeInIndex = 0; path = Pods_ulink.framework; sourceTree = BUILT_PRODUCTS_DIR; };
		B513511B24B7BA5300BD219B /* AddSubjectByDragViewController.swift */ = {isa = PBXFileReference; lastKnownFileType = sourcecode.swift; path = AddSubjectByDragViewController.swift; sourceTree = "<group>"; };
		B513511E24B86BE700BD219B /* AddSubjectDetailViewController.swift */ = {isa = PBXFileReference; lastKnownFileType = sourcecode.swift; path = AddSubjectDetailViewController.swift; sourceTree = "<group>"; };
		B513512224B8BCD100BD219B /* TimeInfoModel.swift */ = {isa = PBXFileReference; lastKnownFileType = sourcecode.swift; path = TimeInfoModel.swift; sourceTree = "<group>"; };
		B51EC8A224B1099700F3833B /* TimeTableSettingViewController.swift */ = {isa = PBXFileReference; lastKnownFileType = sourcecode.swift; path = TimeTableSettingViewController.swift; sourceTree = "<group>"; };
		B51EC8A524B1BF9300F3833B /* TimeTableListViewController.swift */ = {isa = PBXFileReference; lastKnownFileType = sourcecode.swift; path = TimeTableListViewController.swift; sourceTree = "<group>"; };
		B51EC8A724B1C4DF00F3833B /* ListSemester.swift */ = {isa = PBXFileReference; lastKnownFileType = sourcecode.swift; path = ListSemester.swift; sourceTree = "<group>"; };
		B51EC8A924B1C6F400F3833B /* TimeTableModel.swift */ = {isa = PBXFileReference; lastKnownFileType = sourcecode.swift; path = TimeTableModel.swift; sourceTree = "<group>"; };
		B52F9DE424BDA7E300B57CA1 /* MainTimeTableService.swift */ = {isa = PBXFileReference; lastKnownFileType = sourcecode.swift; path = MainTimeTableService.swift; sourceTree = "<group>"; };
		B52F9DE724BDA94800B57CA1 /* TimeTableResponse.swift */ = {isa = PBXFileReference; lastKnownFileType = sourcecode.swift; path = TimeTableResponse.swift; sourceTree = "<group>"; };
		B52F9DE924BE129000B57CA1 /* SubjectInfoCell.swift */ = {isa = PBXFileReference; lastKnownFileType = sourcecode.swift; path = SubjectInfoCell.swift; sourceTree = "<group>"; };
		B55F0ED724BCACBF007048A6 /* AlarmCell.swift */ = {isa = PBXFileReference; fileEncoding = 4; lastKnownFileType = sourcecode.swift; name = AlarmCell.swift; path = ulink/AlarmCell.swift; sourceTree = SOURCE_ROOT; };
		B590A30E24C05133006637D0 /* PersonalScheduleService.swift */ = {isa = PBXFileReference; lastKnownFileType = sourcecode.swift; path = PersonalScheduleService.swift; sourceTree = "<group>"; };
		B590A31024C0593B006637D0 /* SubjectService.swift */ = {isa = PBXFileReference; lastKnownFileType = sourcecode.swift; path = SubjectService.swift; sourceTree = "<group>"; };
		B590A31424C0BFF8006637D0 /* CartService.swift */ = {isa = PBXFileReference; lastKnownFileType = sourcecode.swift; path = CartService.swift; sourceTree = "<group>"; };
		B595298C24BCC7E5008139E6 /* AddTimeInfoCell.swift */ = {isa = PBXFileReference; lastKnownFileType = sourcecode.swift; path = AddTimeInfoCell.swift; sourceTree = "<group>"; };
		B595298E24BCD592008139E6 /* CustomPickerViewController.swift */ = {isa = PBXFileReference; lastKnownFileType = sourcecode.swift; path = CustomPickerViewController.swift; sourceTree = "<group>"; };
		B595299124BCFCF3008139E6 /* SubjectDetailViewController.swift */ = {isa = PBXFileReference; lastKnownFileType = sourcecode.swift; path = SubjectDetailViewController.swift; sourceTree = "<group>"; };
		B599E62E24ADAA320067C112 /* SubjectModel.swift */ = {isa = PBXFileReference; lastKnownFileType = sourcecode.swift; path = SubjectModel.swift; sourceTree = "<group>"; };
		B599E63124ADAA7F0067C112 /* TimeTable.swift */ = {isa = PBXFileReference; lastKnownFileType = sourcecode.swift; path = TimeTable.swift; sourceTree = "<group>"; };
		B599E63324ADAA960067C112 /* TimeTableDay.swift */ = {isa = PBXFileReference; lastKnownFileType = sourcecode.swift; path = TimeTableDay.swift; sourceTree = "<group>"; };
		B599E63624ADAAB40067C112 /* TimeTableController.swift */ = {isa = PBXFileReference; lastKnownFileType = sourcecode.swift; path = TimeTableController.swift; sourceTree = "<group>"; };
		B599E63824ADAAD20067C112 /* SubjectCell.swift */ = {isa = PBXFileReference; lastKnownFileType = sourcecode.swift; path = SubjectCell.swift; sourceTree = "<group>"; };
		B599FADA24BCA908005DB6E7 /* SubjectTimeInfoCell.swift */ = {isa = PBXFileReference; lastKnownFileType = sourcecode.swift; path = SubjectTimeInfoCell.swift; sourceTree = "<group>"; };
		B5A2783E24ADDD3A00A0F4A4 /* TimeTableViewController.swift */ = {isa = PBXFileReference; lastKnownFileType = sourcecode.swift; path = TimeTableViewController.swift; sourceTree = "<group>"; };
		B5A2784124ADE0E500A0F4A4 /* Extenstions+UIColor.swift */ = {isa = PBXFileReference; lastKnownFileType = sourcecode.swift; path = "Extenstions+UIColor.swift"; sourceTree = "<group>"; };
		B5C8A3C724AF12DE00B1B318 /* CalendarViewController.swift */ = {isa = PBXFileReference; lastKnownFileType = sourcecode.swift; path = CalendarViewController.swift; sourceTree = "<group>"; };
		B5D26A4924B5E7E60047A2DC /* CreateNewSheetCell.swift */ = {isa = PBXFileReference; lastKnownFileType = sourcecode.swift; path = CreateNewSheetCell.swift; sourceTree = "<group>"; };
		B5DBF3DB24BEF1A50013BB33 /* SubjectDetailService.swift */ = {isa = PBXFileReference; lastKnownFileType = sourcecode.swift; path = SubjectDetailService.swift; sourceTree = "<group>"; };
		B5DBF3DD24BF7CAF0013BB33 /* ListTimeTableService.swift */ = {isa = PBXFileReference; lastKnownFileType = sourcecode.swift; path = ListTimeTableService.swift; sourceTree = "<group>"; };
		B5DBF3DF24BFA6B40013BB33 /* TimeTableService.swift */ = {isa = PBXFileReference; lastKnownFileType = sourcecode.swift; path = TimeTableService.swift; sourceTree = "<group>"; };
		B5DBF3E124C04BBA0013BB33 /* PersonalScheduleModel.swift */ = {isa = PBXFileReference; lastKnownFileType = sourcecode.swift; path = PersonalScheduleModel.swift; sourceTree = "<group>"; };
		B5F025D124C0FE3F007403C9 /* TimeTableContainer.swift */ = {isa = PBXFileReference; lastKnownFileType = sourcecode.swift; path = TimeTableContainer.swift; sourceTree = "<group>"; };
		B5F025D324C113C5007403C9 /* SearchService.swift */ = {isa = PBXFileReference; lastKnownFileType = sourcecode.swift; path = SearchService.swift; sourceTree = "<group>"; };
		B5F025D524C11BDE007403C9 /* TimeTableSettingService.swift */ = {isa = PBXFileReference; lastKnownFileType = sourcecode.swift; path = TimeTableSettingService.swift; sourceTree = "<group>"; };
		B5F0E41A24B1E4CF001AAFA6 /* TimeTableListCell.swift */ = {isa = PBXFileReference; lastKnownFileType = sourcecode.swift; path = TimeTableListCell.swift; sourceTree = "<group>"; };
		B5F0E41C24B214DB001AAFA6 /* TimeTableListHeader.swift */ = {isa = PBXFileReference; lastKnownFileType = sourcecode.swift; path = TimeTableListHeader.swift; sourceTree = "<group>"; };
		B5F0E41E24B21FFF001AAFA6 /* TimeTableListFooter.swift */ = {isa = PBXFileReference; lastKnownFileType = sourcecode.swift; path = TimeTableListFooter.swift; sourceTree = "<group>"; };
		FD1398A624C02A4300C2B44C /* io_ulink_splash.gif */ = {isa = PBXFileReference; lastKnownFileType = image.gif; path = io_ulink_splash.gif; sourceTree = "<group>"; };
		FD1398A824C0469800C2B44C /* io_login_img.gif */ = {isa = PBXFileReference; lastKnownFileType = image.gif; path = io_login_img.gif; sourceTree = "<group>"; };
		FD1398AA24C0646000C2B44C /* NoticeDeleteService.swift */ = {isa = PBXFileReference; lastKnownFileType = sourcecode.swift; path = NoticeDeleteService.swift; sourceTree = "<group>"; };
		FD1398AD24C100CF00C2B44C /* MajorFilterService.swift */ = {isa = PBXFileReference; lastKnownFileType = sourcecode.swift; path = MajorFilterService.swift; sourceTree = "<group>"; };
		FD19DC0624AD01C5000C2AEC /* LoginViewController.swift */ = {isa = PBXFileReference; lastKnownFileType = sourcecode.swift; path = LoginViewController.swift; sourceTree = "<group>"; };
		FD19DC0824AD02C8000C2AEC /* SignupViewController.swift */ = {isa = PBXFileReference; lastKnownFileType = sourcecode.swift; path = SignupViewController.swift; sourceTree = "<group>"; };
		FD19DC0A24AD02ED000C2AEC /* UserModel.swift */ = {isa = PBXFileReference; lastKnownFileType = sourcecode.swift; path = UserModel.swift; sourceTree = "<group>"; };
		FD19DC0C24AD0356000C2AEC /* APIConstant.swift */ = {isa = PBXFileReference; lastKnownFileType = sourcecode.swift; path = APIConstant.swift; sourceTree = "<group>"; };
		FD19DC0E24AD0365000C2AEC /* ChatModel.swift */ = {isa = PBXFileReference; lastKnownFileType = sourcecode.swift; path = ChatModel.swift; sourceTree = "<group>"; };
		FD19DC1124AD03D6000C2AEC /* ChattingTableViewCell.swift */ = {isa = PBXFileReference; lastKnownFileType = sourcecode.swift; path = ChattingTableViewCell.swift; sourceTree = "<group>"; };
		FD19DC1324AD03FB000C2AEC /* ChattingViewController.swift */ = {isa = PBXFileReference; lastKnownFileType = sourcecode.swift; path = ChattingViewController.swift; sourceTree = "<group>"; };
		FD19DC1524AD04A2000C2AEC /* NetworkResult.swift */ = {isa = PBXFileReference; lastKnownFileType = sourcecode.swift; path = NetworkResult.swift; sourceTree = "<group>"; };
		FD19DC1724AD061D000C2AEC /* ChattingRoomViewController.swift */ = {isa = PBXFileReference; lastKnownFileType = sourcecode.swift; path = ChattingRoomViewController.swift; sourceTree = "<group>"; };
		FD19DC1924AD1121000C2AEC /* RemoteConfigDefaults.plist */ = {isa = PBXFileReference; lastKnownFileType = text.plist.xml; path = RemoteConfigDefaults.plist; sourceTree = "<group>"; };
		FD19DC3024AE0B44000C2AEC /* ClassModel.swift */ = {isa = PBXFileReference; lastKnownFileType = sourcecode.swift; path = ClassModel.swift; sourceTree = "<group>"; };
		FD1A4AF824B5A0B6000120A6 /* CreateTimeTableCell.swift */ = {isa = PBXFileReference; fileEncoding = 4; lastKnownFileType = sourcecode.swift; path = CreateTimeTableCell.swift; sourceTree = "<group>"; };
		FD1A4AF924B5A0B7000120A6 /* CreateTimeTableViewController.swift */ = {isa = PBXFileReference; fileEncoding = 4; lastKnownFileType = sourcecode.swift; path = CreateTimeTableViewController.swift; sourceTree = "<group>"; };
		FD1A4AFC24B60427000120A6 /* NoticeDetailViewController.swift */ = {isa = PBXFileReference; lastKnownFileType = sourcecode.swift; path = NoticeDetailViewController.swift; sourceTree = "<group>"; };
		FD1A4B0024B604B1000120A6 /* NoticeDetailTableCell.swift */ = {isa = PBXFileReference; lastKnownFileType = sourcecode.swift; path = NoticeDetailTableCell.swift; sourceTree = "<group>"; };
		FD45F24B24AA591300F304BD /* ulink.app */ = {isa = PBXFileReference; explicitFileType = wrapper.application; includeInIndex = 0; path = ulink.app; sourceTree = BUILT_PRODUCTS_DIR; };
		FD45F24E24AA591300F304BD /* AppDelegate.swift */ = {isa = PBXFileReference; lastKnownFileType = sourcecode.swift; path = AppDelegate.swift; sourceTree = "<group>"; };
		FD45F25024AA591300F304BD /* SceneDelegate.swift */ = {isa = PBXFileReference; lastKnownFileType = sourcecode.swift; path = SceneDelegate.swift; sourceTree = "<group>"; };
		FD45F25224AA591300F304BD /* ViewController.swift */ = {isa = PBXFileReference; lastKnownFileType = sourcecode.swift; path = ViewController.swift; sourceTree = "<group>"; };
		FD45F25524AA591300F304BD /* Base */ = {isa = PBXFileReference; lastKnownFileType = file.storyboard; name = Base; path = Base.lproj/Main.storyboard; sourceTree = "<group>"; };
		FD45F25724AA591500F304BD /* Assets.xcassets */ = {isa = PBXFileReference; lastKnownFileType = folder.assetcatalog; path = Assets.xcassets; sourceTree = "<group>"; };
		FD45F25A24AA591500F304BD /* Base */ = {isa = PBXFileReference; lastKnownFileType = file.storyboard; name = Base; path = Base.lproj/LaunchScreen.storyboard; sourceTree = "<group>"; };
		FD5CCBDE24AAF4AE009FCDDB /* GoogleService-Info.plist */ = {isa = PBXFileReference; fileEncoding = 4; lastKnownFileType = text.plist.xml; path = "GoogleService-Info.plist"; sourceTree = "<group>"; };
		FD6B17A124B0F85000E8B9A8 /* ColorFilter.swift */ = {isa = PBXFileReference; lastKnownFileType = sourcecode.swift; path = ColorFilter.swift; sourceTree = "<group>"; };
		FD6B17A324B0F8BA00E8B9A8 /* TimeTable.storyboard */ = {isa = PBXFileReference; fileEncoding = 4; lastKnownFileType = file.storyboard; path = TimeTable.storyboard; sourceTree = "<group>"; };
		FD6B17AA24B195BE00E8B9A8 /* NoticeModel.swift */ = {isa = PBXFileReference; lastKnownFileType = sourcecode.swift; path = NoticeModel.swift; sourceTree = "<group>"; };
		FD6B17AC24B1A2BC00E8B9A8 /* PopupViewController.swift */ = {isa = PBXFileReference; lastKnownFileType = sourcecode.swift; path = PopupViewController.swift; sourceTree = "<group>"; };
		FD717F0B24BC22AE005C81AE /* MyPageViewController.swift */ = {isa = PBXFileReference; lastKnownFileType = sourcecode.swift; path = MyPageViewController.swift; sourceTree = "<group>"; };
		FD79B5CC24B713AB00020118 /* NoticeEditViewController.swift */ = {isa = PBXFileReference; lastKnownFileType = sourcecode.swift; path = NoticeEditViewController.swift; sourceTree = "<group>"; };
		FD79B5D224B7148B00020118 /* NoticeEditTableViewCell.swift */ = {isa = PBXFileReference; lastKnownFileType = sourcecode.swift; path = NoticeEditTableViewCell.swift; sourceTree = "<group>"; };
		FD7C730D24BCA4C4003ADAE8 /* SignInData.swift */ = {isa = PBXFileReference; lastKnownFileType = sourcecode.swift; path = SignInData.swift; sourceTree = "<group>"; };
		FD7C731324BCC70B003ADAE8 /* LoginSuccessData.swift */ = {isa = PBXFileReference; lastKnownFileType = sourcecode.swift; path = LoginSuccessData.swift; sourceTree = "<group>"; };
		FD7E7BED24BF37CE007CF404 /* LoadChattingListService.swift */ = {isa = PBXFileReference; lastKnownFileType = sourcecode.swift; path = LoadChattingListService.swift; sourceTree = "<group>"; };
		FD7E7BEF24BF3848007CF404 /* ChattingListModel.swift */ = {isa = PBXFileReference; lastKnownFileType = sourcecode.swift; path = ChattingListModel.swift; sourceTree = "<group>"; };
		FD7E7BF624BF4F27007CF404 /* SplashViewController.swift */ = {isa = PBXFileReference; lastKnownFileType = sourcecode.swift; path = SplashViewController.swift; sourceTree = "<group>"; };
		FD7E7BFE24BF6657007CF404 /* ChattingListData.swift */ = {isa = PBXFileReference; lastKnownFileType = sourcecode.swift; path = ChattingListData.swift; sourceTree = "<group>"; };
		FD7E7C0624C01B4D007CF404 /* Info.plist */ = {isa = PBXFileReference; fileEncoding = 4; lastKnownFileType = text.plist.xml; path = Info.plist; sourceTree = "<group>"; };
		FD8EE90524B73939000E5A48 /* NoticeEditModeViewController.swift */ = {isa = PBXFileReference; lastKnownFileType = sourcecode.swift; path = NoticeEditModeViewController.swift; sourceTree = "<group>"; };
		FD8EE90824B7820F000E5A48 /* timeModel.swift */ = {isa = PBXFileReference; lastKnownFileType = sourcecode.swift; path = timeModel.swift; sourceTree = "<group>"; };
		FD8EE90B24B80918000E5A48 /* pickerTimeModel.swift */ = {isa = PBXFileReference; lastKnownFileType = sourcecode.swift; path = pickerTimeModel.swift; sourceTree = "<group>"; };
		FD8EE90D24B83744000E5A48 /* MessageModel.swift */ = {isa = PBXFileReference; lastKnownFileType = sourcecode.swift; path = MessageModel.swift; sourceTree = "<group>"; };
		FDFA3A8224BCE7B700CB8939 /* NormalFilterViewController.swift */ = {isa = PBXFileReference; lastKnownFileType = sourcecode.swift; path = NormalFilterViewController.swift; sourceTree = "<group>"; };
		FDFA3A8424BCF27600CB8939 /* MajorFilterViewController.swift */ = {isa = PBXFileReference; lastKnownFileType = sourcecode.swift; path = MajorFilterViewController.swift; sourceTree = "<group>"; };
		FDFA3A8624BD7DD100CB8939 /* MajorFilterTableViewCell.swift */ = {isa = PBXFileReference; lastKnownFileType = sourcecode.swift; path = MajorFilterTableViewCell.swift; sourceTree = "<group>"; };
		FDFA3A8C24BDA63000CB8939 /* SubjectNoticeData.swift */ = {isa = PBXFileReference; lastKnownFileType = sourcecode.swift; path = SubjectNoticeData.swift; sourceTree = "<group>"; };
		FDFA3A8E24BDA83300CB8939 /* NoticeService.swift */ = {isa = PBXFileReference; lastKnownFileType = sourcecode.swift; path = NoticeService.swift; sourceTree = "<group>"; };
		FDFA3A9124BE288D00CB8939 /* NoticeTableViewCellTwo.swift */ = {isa = PBXFileReference; lastKnownFileType = sourcecode.swift; path = NoticeTableViewCellTwo.swift; sourceTree = "<group>"; };
		FDFA3A9324BE28A500CB8939 /* NoticeTableViewCellThree.swift */ = {isa = PBXFileReference; lastKnownFileType = sourcecode.swift; path = NoticeTableViewCellThree.swift; sourceTree = "<group>"; };
		FDFA3A9524BE3E8D00CB8939 /* NoticeDetailService.swift */ = {isa = PBXFileReference; lastKnownFileType = sourcecode.swift; path = NoticeDetailService.swift; sourceTree = "<group>"; };
		FDFA3A9724BEA7DA00CB8939 /* NoticeEditService.swift */ = {isa = PBXFileReference; lastKnownFileType = sourcecode.swift; path = NoticeEditService.swift; sourceTree = "<group>"; };
		FDFA3A9924BEAFCE00CB8939 /* LoginService.swift */ = {isa = PBXFileReference; fileEncoding = 4; lastKnownFileType = sourcecode.swift; name = LoginService.swift; path = ulink/Resource/Network/Services/Login/LoginService.swift; sourceTree = SOURCE_ROOT; };
		FDFA3A9B24BEB4DD00CB8939 /* NoticeUploadData.swift */ = {isa = PBXFileReference; lastKnownFileType = sourcecode.swift; path = NoticeUploadData.swift; sourceTree = "<group>"; };
		FDFA3A9D24BEF6E200CB8939 /* NoticeModifyService.swift */ = {isa = PBXFileReference; lastKnownFileType = sourcecode.swift; path = NoticeModifyService.swift; sourceTree = "<group>"; };
		FDFAA0F224B03A8D00D22EAD /* rightSideMenuViewController.swift */ = {isa = PBXFileReference; lastKnownFileType = sourcecode.swift; path = rightSideMenuViewController.swift; sourceTree = "<group>"; };
		FDFAA0F424B0D1A600D22EAD /* NoticeViewController.swift */ = {isa = PBXFileReference; lastKnownFileType = sourcecode.swift; path = NoticeViewController.swift; sourceTree = "<group>"; };
		FDFAA0F624B0E0A400D22EAD /* NoticeTableViewCell.swift */ = {isa = PBXFileReference; lastKnownFileType = sourcecode.swift; path = NoticeTableViewCell.swift; sourceTree = "<group>"; };
/* End PBXFileReference section */

/* Begin PBXFrameworksBuildPhase section */
		FD45F24824AA591300F304BD /* Frameworks */ = {
			isa = PBXFrameworksBuildPhase;
			buildActionMask = 2147483647;
			files = (
				8F83FB66AD3FD38DC68E8A6E /* Pods_ulink.framework in Frameworks */,
			);
			runOnlyForDeploymentPostprocessing = 0;
		};
/* End PBXFrameworksBuildPhase section */

/* Begin PBXGroup section */
		29970E4724BEB1B10034840E /* Login */ = {
			isa = PBXGroup;
			children = (
				29970E4824BEB1F10034840E /* LoginService.swift */,
			);
			path = Login;
			sourceTree = "<group>";
		};
		29970E7024BF8FFA0034840E /* ColorPick */ = {
			isa = PBXGroup;
			children = (
				29970E7124BF90390034840E /* ColorPickViewController.swift */,
				29970E7324BF915F0034840E /* ColorPickCell.swift */,
			);
			path = ColorPick;
			sourceTree = "<group>";
		};
		299DAD0324B8D848008181FA /* Calendar */ = {
			isa = PBXGroup;
			children = (
				299DAD1124BAF26C008181FA /* DetailEventViewController.swift */,
				B5C8A3C724AF12DE00B1B318 /* CalendarViewController.swift */,
				292B1CEC24AF0AA700B4EC79 /* DayCell.swift */,
			);
			path = Calendar;
			sourceTree = "<group>";
		};
		299DAD0524B8D87E008181FA /* EventList */ = {
			isa = PBXGroup;
			children = (
				299DACF324B78785008181FA /* EventCell.swift */,
				299DACF124B785FE008181FA /* EventListViewController.swift */,
				299DAD0124B837B7008181FA /* EventListHeaderCell.swift */,
			);
			path = EventList;
			sourceTree = "<group>";
		};
		299DAD0C24BAB908008181FA /* Alarm */ = {
			isa = PBXGroup;
			children = (
				B55F0ED724BCACBF007048A6 /* AlarmCell.swift */,
				299DAD0D24BABC93008181FA /* AlarmViewController.swift */,
			);
			path = Alarm;
			sourceTree = "<group>";
		};
		29AC520C24BB82DF0007E019 /* Database */ = {
			isa = PBXGroup;
			children = (
				29AC520D24BB838A0007E019 /* Databases.swift */,
			);
			path = Database;
			sourceTree = "<group>";
		};
		29AC520F24BB9DC60007E019 /* Search */ = {
			isa = PBXGroup;
			children = (
				29AC521024BB9E040007E019 /* SearchViewController.swift */,
				29AC521224BB9E5D0007E019 /* SearchedCell.swift */,
				29AC521424BB9E720007E019 /* RealTimeSearchCell.swift */,
				29AC521D24BCF8B50007E019 /* GradeSelectViewController.swift */,
			);
			path = Search;
			sourceTree = "<group>";
		};
		29AC521824BC60780007E019 /* Review */ = {
			isa = PBXGroup;
			children = (
				29AC521924BC60910007E019 /* ReviewViewController.swift */,
			);
			path = Review;
			sourceTree = "<group>";
		};
		29C6BB5B24BD92DC0026747C /* Calendar */ = {
			isa = PBXGroup;
			children = (
				29C6BB5C24BD92F80026747C /* CalendarService.swift */,
			);
			path = Calendar;
			sourceTree = "<group>";
		};
		29C6BB6024BE3DE30026747C /* SearchModel */ = {
			isa = PBXGroup;
			children = (
				29C6BB6124BE3DFE0026747C /* SearchRecommendData.swift */,
			);
			path = SearchModel;
			sourceTree = "<group>";
		};
		29C6BB6324BE3EFB0026747C /* Search */ = {
			isa = PBXGroup;
			children = (
				29C6BB6424BE3F080026747C /* SearchRecommendService.swift */,
			);
			path = Search;
			sourceTree = "<group>";
		};
		41A1ADDA0FE96FE18C4B1BB4 /* Frameworks */ = {
			isa = PBXGroup;
			children = (
				9577339BBFCE6C2E3AD044C7 /* Pods_ulink.framework */,
			);
			name = Frameworks;
			sourceTree = "<group>";
		};
		674E96E3FC3FBA517F3C1116 /* Pods */ = {
			isa = PBXGroup;
			children = (
				925CCBD7FDB6FCC72DBB5D65 /* Pods-ulink.debug.xcconfig */,
				55811ECF95B6405A848C7F0E /* Pods-ulink.release.xcconfig */,
			);
			path = Pods;
			sourceTree = "<group>";
		};
		B513511D24B7BBA700BD219B /* Cell */ = {
			isa = PBXGroup;
			children = (
				FD1A4AF824B5A0B6000120A6 /* CreateTimeTableCell.swift */,
				B5D26A4924B5E7E60047A2DC /* CreateNewSheetCell.swift */,
				B599FADA24BCA908005DB6E7 /* SubjectTimeInfoCell.swift */,
				B595298C24BCC7E5008139E6 /* AddTimeInfoCell.swift */,
				B52F9DE924BE129000B57CA1 /* SubjectInfoCell.swift */,
			);
			path = Cell;
			sourceTree = "<group>";
		};
		B51EC8A124B1097B00F3833B /* Setting */ = {
			isa = PBXGroup;
			children = (
				B51EC8A224B1099700F3833B /* TimeTableSettingViewController.swift */,
			);
			path = Setting;
			sourceTree = "<group>";
		};
		B51EC8A424B1BF7A00F3833B /* List */ = {
			isa = PBXGroup;
			children = (
				B5F0E41A24B1E4CF001AAFA6 /* TimeTableListCell.swift */,
				B5F0E41C24B214DB001AAFA6 /* TimeTableListHeader.swift */,
				B5F0E41E24B21FFF001AAFA6 /* TimeTableListFooter.swift */,
				B51EC8A524B1BF9300F3833B /* TimeTableListViewController.swift */,
			);
			path = List;
			sourceTree = "<group>";
		};
		B52F9DE324BDA7D500B57CA1 /* TimeTable */ = {
			isa = PBXGroup;
			children = (
				FD1398AC24C100BE00C2B44C /* Filter */,
				B590A31324C0BFE0006637D0 /* Create */,
				B590A31224C0BFD5006637D0 /* Main */,
			);
			path = TimeTable;
			sourceTree = "<group>";
		};
		B52F9DE624BDA93A00B57CA1 /* Data */ = {
			isa = PBXGroup;
			children = (
				B52F9DE724BDA94800B57CA1 /* TimeTableResponse.swift */,
			);
			path = Data;
			sourceTree = "<group>";
		};
		B590A31224C0BFD5006637D0 /* Main */ = {
			isa = PBXGroup;
			children = (
				B52F9DE424BDA7E300B57CA1 /* MainTimeTableService.swift */,
				B5DBF3DB24BEF1A50013BB33 /* SubjectDetailService.swift */,
				B5DBF3DD24BF7CAF0013BB33 /* ListTimeTableService.swift */,
				B5DBF3DF24BFA6B40013BB33 /* TimeTableService.swift */,
				B590A30E24C05133006637D0 /* PersonalScheduleService.swift */,
				B590A31024C0593B006637D0 /* SubjectService.swift */,
				B5F025D524C11BDE007403C9 /* TimeTableSettingService.swift */,
			);
			path = Main;
			sourceTree = "<group>";
		};
		B590A31324C0BFE0006637D0 /* Create */ = {
			isa = PBXGroup;
			children = (
				B590A31424C0BFF8006637D0 /* CartService.swift */,
				B5F025D324C113C5007403C9 /* SearchService.swift */,
			);
			path = Create;
			sourceTree = "<group>";
		};
		B595299024BCFCD6008139E6 /* SubjectDetail */ = {
			isa = PBXGroup;
			children = (
				B595299124BCFCF3008139E6 /* SubjectDetailViewController.swift */,
			);
			path = SubjectDetail;
			sourceTree = "<group>";
		};
		B599E62D24ADA9FB0067C112 /* TimeTable */ = {
			isa = PBXGroup;
			children = (
				B595299024BCFCD6008139E6 /* SubjectDetail */,
				B5D26A4224B4B9F70047A2DC /* Create */,
				FD1A4AF624B595B0000120A6 /* MainTimeTable */,
				B51EC8A424B1BF7A00F3833B /* List */,
				B51EC8A124B1097B00F3833B /* Setting */,
			);
			path = TimeTable;
			sourceTree = "<group>";
		};
		B599FAD724BCA765005DB6E7 /* Recovered References */ = {
			isa = PBXGroup;
			children = (
				FDFA3A9924BEAFCE00CB8939 /* LoginService.swift */,
			);
			name = "Recovered References";
			sourceTree = "<group>";
		};
		B5A2784024ADE0C600A0F4A4 /* Extension */ = {
			isa = PBXGroup;
			children = (
				B5A2784124ADE0E500A0F4A4 /* Extenstions+UIColor.swift */,
			);
			path = Extension;
			sourceTree = "<group>";
		};
		B5D26A4224B4B9F70047A2DC /* Create */ = {
			isa = PBXGroup;
			children = (
				FDFA3A8124BCE6ED00CB8939 /* Filter */,
				B513511D24B7BBA700BD219B /* Cell */,
				FD1A4AF924B5A0B7000120A6 /* CreateTimeTableViewController.swift */,
				B513511B24B7BA5300BD219B /* AddSubjectByDragViewController.swift */,
				B513511E24B86BE700BD219B /* AddSubjectDetailViewController.swift */,
				B595298E24BCD592008139E6 /* CustomPickerViewController.swift */,
			);
			path = Create;
			sourceTree = "<group>";
		};
		FD1398AC24C100BE00C2B44C /* Filter */ = {
			isa = PBXGroup;
			children = (
				FD1398AD24C100CF00C2B44C /* MajorFilterService.swift */,
			);
			path = Filter;
			sourceTree = "<group>";
		};
		FD19DC0224AD016E000C2AEC /* API */ = {
			isa = PBXGroup;
			children = (
				FD19DC0C24AD0356000C2AEC /* APIConstant.swift */,
				FD19DC1524AD04A2000C2AEC /* NetworkResult.swift */,
			);
			path = API;
			sourceTree = "<group>";
		};
		FD19DC0324AD017C000C2AEC /* Model */ = {
			isa = PBXGroup;
			children = (
				29C6BB6024BE3DE30026747C /* SearchModel */,
				FD7C730C24BCA4AD003ADAE8 /* LoginModel */,
				FD1A4AF724B59626000120A6 /* CalendarModel */,
				FD1A4AF224B5947A000120A6 /* TimeTableModel */,
				FD1A4AF124B59462000120A6 /* ChattingModel */,
			);
			path = Model;
			sourceTree = "<group>";
		};
		FD19DC0424AD018F000C2AEC /* Chatting */ = {
			isa = PBXGroup;
			children = (
				FD1A4AF524B59585000120A6 /* ChattingRoom */,
				FD1A4AF424B59574000120A6 /* ChattingList */,
				FD1A4AF324B59564000120A6 /* Notice */,
			);
			path = Chatting;
			sourceTree = "<group>";
		};
		FD19DC0524AD0198000C2AEC /* UserLogin */ = {
			isa = PBXGroup;
			children = (
				FD19DC0624AD01C5000C2AEC /* LoginViewController.swift */,
				FD19DC0824AD02C8000C2AEC /* SignupViewController.swift */,
			);
			path = UserLogin;
			sourceTree = "<group>";
		};
		FD19DC1B24ADD4CF000C2AEC /* Calendar */ = {
			isa = PBXGroup;
			children = (
				299DAD0524B8D87E008181FA /* EventList */,
				299DAD0324B8D848008181FA /* Calendar */,
			);
			path = Calendar;
			sourceTree = "<group>";
		};
		FD1A4AF124B59462000120A6 /* ChattingModel */ = {
			isa = PBXGroup;
			children = (
				FD8EE90A24B808F6000E5A48 /* PickerModel */,
				FD8EE90724B781DE000E5A48 /* NoticeModel */,
				FD19DC0A24AD02ED000C2AEC /* UserModel.swift */,
				FD19DC0E24AD0365000C2AEC /* ChatModel.swift */,
				FD19DC3024AE0B44000C2AEC /* ClassModel.swift */,
				FD8EE90D24B83744000E5A48 /* MessageModel.swift */,
				FD7E7BEF24BF3848007CF404 /* ChattingListModel.swift */,
			);
			path = ChattingModel;
			sourceTree = "<group>";
		};
		FD1A4AF224B5947A000120A6 /* TimeTableModel */ = {
			isa = PBXGroup;
			children = (
				B52F9DE624BDA93A00B57CA1 /* Data */,
				B599E62E24ADAA320067C112 /* SubjectModel.swift */,
				B51EC8A724B1C4DF00F3833B /* ListSemester.swift */,
				B51EC8A924B1C6F400F3833B /* TimeTableModel.swift */,
				B513512224B8BCD100BD219B /* TimeInfoModel.swift */,
				B5DBF3E124C04BBA0013BB33 /* PersonalScheduleModel.swift */,
				29970E7524BF9EC70034840E /* ColorModel.swift */,
				B5F025D124C0FE3F007403C9 /* TimeTableContainer.swift */,
			);
			path = TimeTableModel;
			sourceTree = "<group>";
		};
		FD1A4AF324B59564000120A6 /* Notice */ = {
			isa = PBXGroup;
			children = (
				FD79B5D124B7145300020118 /* NoticeEdit */,
				FD79B5D024B713E000020118 /* NoticeDetailList */,
				FD79B5CE24B713C500020118 /* NoticeList */,
			);
			path = Notice;
			sourceTree = "<group>";
		};
		FD1A4AF424B59574000120A6 /* ChattingList */ = {
			isa = PBXGroup;
			children = (
				FD19DC1124AD03D6000C2AEC /* ChattingTableViewCell.swift */,
				FD19DC1324AD03FB000C2AEC /* ChattingViewController.swift */,
			);
			path = ChattingList;
			sourceTree = "<group>";
		};
		FD1A4AF524B59585000120A6 /* ChattingRoom */ = {
			isa = PBXGroup;
			children = (
				FD19DC1724AD061D000C2AEC /* ChattingRoomViewController.swift */,
				FDFAA0F224B03A8D00D22EAD /* rightSideMenuViewController.swift */,
			);
			path = ChattingRoom;
			sourceTree = "<group>";
		};
		FD1A4AF624B595B0000120A6 /* MainTimeTable */ = {
			isa = PBXGroup;
			children = (
				29970E7024BF8FFA0034840E /* ColorPick */,
				B599E63824ADAAD20067C112 /* SubjectCell.swift */,
				B599E63124ADAA7F0067C112 /* TimeTable.swift */,
				B599E63324ADAA960067C112 /* TimeTableDay.swift */,
				B599E63624ADAAB40067C112 /* TimeTableController.swift */,
				B5A2783E24ADDD3A00A0F4A4 /* TimeTableViewController.swift */,
			);
			path = MainTimeTable;
			sourceTree = "<group>";
		};
		FD1A4AF724B59626000120A6 /* CalendarModel */ = {
			isa = PBXGroup;
			children = (
				299DACEF24B70AFF008181FA /* EventModel.swift */,
				29C6BB5E24BD9EF20026747C /* CalendarData.swift */,
			);
			path = CalendarModel;
			sourceTree = "<group>";
		};
		FD45F24224AA591300F304BD = {
			isa = PBXGroup;
			children = (
				FD45F24D24AA591300F304BD /* ulink */,
				FD45F24C24AA591300F304BD /* Products */,
				674E96E3FC3FBA517F3C1116 /* Pods */,
				41A1ADDA0FE96FE18C4B1BB4 /* Frameworks */,
				B599FAD724BCA765005DB6E7 /* Recovered References */,
			);
			sourceTree = "<group>";
		};
		FD45F24C24AA591300F304BD /* Products */ = {
			isa = PBXGroup;
			children = (
				FD45F24B24AA591300F304BD /* ulink.app */,
			);
			name = Products;
			sourceTree = "<group>";
		};
		FD45F24D24AA591300F304BD /* ulink */ = {
			isa = PBXGroup;
			children = (
				FD1398A624C02A4300C2B44C /* io_ulink_splash.gif */,
				FD1398A824C0469800C2B44C /* io_login_img.gif */,
				FD7E7C0624C01B4D007CF404 /* Info.plist */,
				B5A2784024ADE0C600A0F4A4 /* Extension */,
				FD616CFF24AA5D2F007D54B5 /* Sources */,
				FD616CFE24AA5A91007D54B5 /* Resource */,
				FD5CCBDE24AAF4AE009FCDDB /* GoogleService-Info.plist */,
				FD19DC1924AD1121000C2AEC /* RemoteConfigDefaults.plist */,
			);
			path = ulink;
			sourceTree = "<group>";
		};
		FD616CFE24AA5A91007D54B5 /* Resource */ = {
			isa = PBXGroup;
			children = (
				FD7C730F24BCA5C0003ADAE8 /* Network */,
				29AC520C24BB82DF0007E019 /* Database */,
				FD6B17A024B0F83F00E8B9A8 /* Util */,
				FD19DC0324AD017C000C2AEC /* Model */,
				FD19DC0224AD016E000C2AEC /* API */,
				FD616D0024AA5D3F007D54B5 /* Storyboards */,
				FD45F25724AA591500F304BD /* Assets.xcassets */,
			);
			path = Resource;
			sourceTree = "<group>";
		};
		FD616CFF24AA5D2F007D54B5 /* Sources */ = {
			isa = PBXGroup;
			children = (
				FD616D0124AA6631007D54B5 /* View */,
				FD45F24E24AA591300F304BD /* AppDelegate.swift */,
				FD45F25024AA591300F304BD /* SceneDelegate.swift */,
			);
			path = Sources;
			sourceTree = "<group>";
		};
		FD616D0024AA5D3F007D54B5 /* Storyboards */ = {
			isa = PBXGroup;
			children = (
				FD7E7C0324C00091007CF404 /* Mypage */,
				FD7E7C0224C0005D007CF404 /* Chatting */,
				FD7E7C0124C00056007CF404 /* TimeTable */,
				FD7E7C0024C00032007CF404 /* Calendar */,
				FD45F25424AA591300F304BD /* Main.storyboard */,
				FD45F25924AA591500F304BD /* LaunchScreen.storyboard */,
			);
			path = Storyboards;
			sourceTree = "<group>";
		};
		FD616D0124AA6631007D54B5 /* View */ = {
			isa = PBXGroup;
			children = (
				FD7E7BF324BF4EBD007CF404 /* Splash */,
				29AC521824BC60780007E019 /* Review */,
				29AC520F24BB9DC60007E019 /* Search */,
				299DAD0C24BAB908008181FA /* Alarm */,
				FD45F25224AA591300F304BD /* ViewController.swift */,
				FD717F0A24BC229B005C81AE /* MyPage */,
				FD19DC1B24ADD4CF000C2AEC /* Calendar */,
				B599E62D24ADA9FB0067C112 /* TimeTable */,
				FD19DC0524AD0198000C2AEC /* UserLogin */,
				FD19DC0424AD018F000C2AEC /* Chatting */,
			);
			path = View;
			sourceTree = "<group>";
		};
		FD6B17A024B0F83F00E8B9A8 /* Util */ = {
			isa = PBXGroup;
			children = (
				FD6B17A124B0F85000E8B9A8 /* ColorFilter.swift */,
			);
			path = Util;
			sourceTree = "<group>";
		};
		FD717F0A24BC229B005C81AE /* MyPage */ = {
			isa = PBXGroup;
			children = (
				FD717F0B24BC22AE005C81AE /* MyPageViewController.swift */,
			);
			path = MyPage;
			sourceTree = "<group>";
		};
		FD79B5CE24B713C500020118 /* NoticeList */ = {
			isa = PBXGroup;
			children = (
				FDFA3A9024BE282D00CB8939 /* TableCell */,
				FDFAA0F424B0D1A600D22EAD /* NoticeViewController.swift */,
				FD6B17AC24B1A2BC00E8B9A8 /* PopupViewController.swift */,
			);
			path = NoticeList;
			sourceTree = "<group>";
		};
		FD79B5D024B713E000020118 /* NoticeDetailList */ = {
			isa = PBXGroup;
			children = (
				FD1A4AFC24B60427000120A6 /* NoticeDetailViewController.swift */,
				FD1A4B0024B604B1000120A6 /* NoticeDetailTableCell.swift */,
			);
			path = NoticeDetailList;
			sourceTree = "<group>";
		};
		FD79B5D124B7145300020118 /* NoticeEdit */ = {
			isa = PBXGroup;
			children = (
				FD79B5CC24B713AB00020118 /* NoticeEditViewController.swift */,
				FD79B5D224B7148B00020118 /* NoticeEditTableViewCell.swift */,
				FD8EE90524B73939000E5A48 /* NoticeEditModeViewController.swift */,
			);
			path = NoticeEdit;
			sourceTree = "<group>";
		};
		FD7C730C24BCA4AD003ADAE8 /* LoginModel */ = {
			isa = PBXGroup;
			children = (
				FD7C730D24BCA4C4003ADAE8 /* SignInData.swift */,
				FD7C731324BCC70B003ADAE8 /* LoginSuccessData.swift */,
			);
			path = LoginModel;
			sourceTree = "<group>";
		};
		FD7C730F24BCA5C0003ADAE8 /* Network */ = {
			isa = PBXGroup;
			children = (
				29C6BB6324BE3EFB0026747C /* Search */,
				B52F9DE324BDA7D500B57CA1 /* TimeTable */,
				FDFA3A8924BDA5B800CB8939 /* Services */,
				29C6BB5B24BD92DC0026747C /* Calendar */,
			);
			path = Network;
			sourceTree = "<group>";
		};
		FD7E7BEC24BF37B9007CF404 /* Chatting */ = {
			isa = PBXGroup;
			children = (
				FD7E7BED24BF37CE007CF404 /* LoadChattingListService.swift */,
				FD7E7BFE24BF6657007CF404 /* ChattingListData.swift */,
			);
			path = Chatting;
			sourceTree = "<group>";
		};
		FD7E7BF324BF4EBD007CF404 /* Splash */ = {
			isa = PBXGroup;
			children = (
				FD7E7BF624BF4F27007CF404 /* SplashViewController.swift */,
			);
			path = Splash;
			sourceTree = "<group>";
		};
		FD7E7C0024C00032007CF404 /* Calendar */ = {
			isa = PBXGroup;
			children = (
				299DACFD24B813FE008181FA /* Calendar.storyboard */,
			);
			path = Calendar;
			sourceTree = "<group>";
		};
		FD7E7C0124C00056007CF404 /* TimeTable */ = {
			isa = PBXGroup;
			children = (
				299DA9F224C0327F00F023FD /* Alarm.storyboard */,
				299DA9F424C0327F00F023FD /* CreateTimeTable.storyboard */,
				299DA9F324C0327F00F023FD /* Filter.storyboard */,
				299DA9F624C0327F00F023FD /* Review.storyboard */,
				299DA9F524C0327F00F023FD /* Search.storyboard */,
				FD6B17A324B0F8BA00E8B9A8 /* TimeTable.storyboard */,
				29970E6C24BF662F0034840E /* ColorPick.storyboard */,
			);
			path = TimeTable;
			sourceTree = "<group>";
		};
		FD7E7C0224C0005D007CF404 /* Chatting */ = {
			isa = PBXGroup;
			children = (
				299DA9FE24C0329500F023FD /* Chatting.storyboard */,
			);
			path = Chatting;
			sourceTree = "<group>";
		};
		FD7E7C0324C00091007CF404 /* Mypage */ = {
			isa = PBXGroup;
			children = (
				299DA9FC24C0328E00F023FD /* MyPage.storyboard */,
			);
			path = Mypage;
			sourceTree = "<group>";
		};
		FD8EE90724B781DE000E5A48 /* NoticeModel */ = {
			isa = PBXGroup;
			children = (
				FD6B17AA24B195BE00E8B9A8 /* NoticeModel.swift */,
				FD8EE90824B7820F000E5A48 /* timeModel.swift */,
				FDFA3A8C24BDA63000CB8939 /* SubjectNoticeData.swift */,
			);
			path = NoticeModel;
			sourceTree = "<group>";
		};
		FD8EE90A24B808F6000E5A48 /* PickerModel */ = {
			isa = PBXGroup;
			children = (
				FD8EE90B24B80918000E5A48 /* pickerTimeModel.swift */,
			);
			path = PickerModel;
			sourceTree = "<group>";
		};
		FDFA3A8124BCE6ED00CB8939 /* Filter */ = {
			isa = PBXGroup;
			children = (
				FDFA3A8224BCE7B700CB8939 /* NormalFilterViewController.swift */,
				FDFA3A8424BCF27600CB8939 /* MajorFilterViewController.swift */,
				FDFA3A8624BD7DD100CB8939 /* MajorFilterTableViewCell.swift */,
			);
			path = Filter;
			sourceTree = "<group>";
		};
		FDFA3A8824BDA31400CB8939 /* Notice */ = {
			isa = PBXGroup;
			children = (
				FDFA3A8E24BDA83300CB8939 /* NoticeService.swift */,
				FDFA3A9524BE3E8D00CB8939 /* NoticeDetailService.swift */,
				FDFA3A9724BEA7DA00CB8939 /* NoticeEditService.swift */,
				FDFA3A9B24BEB4DD00CB8939 /* NoticeUploadData.swift */,
				FDFA3A9D24BEF6E200CB8939 /* NoticeModifyService.swift */,
				FD1398AA24C0646000C2B44C /* NoticeDeleteService.swift */,
			);
			path = Notice;
			sourceTree = "<group>";
		};
		FDFA3A8924BDA5B800CB8939 /* Services */ = {
			isa = PBXGroup;
			children = (
				29970E4724BEB1B10034840E /* Login */,
				FD7E7BEC24BF37B9007CF404 /* Chatting */,
				FDFA3A8824BDA31400CB8939 /* Notice */,
			);
			path = Services;
			sourceTree = "<group>";
		};
		FDFA3A9024BE282D00CB8939 /* TableCell */ = {
			isa = PBXGroup;
			children = (
				FDFAA0F624B0E0A400D22EAD /* NoticeTableViewCell.swift */,
				FDFA3A9124BE288D00CB8939 /* NoticeTableViewCellTwo.swift */,
				FDFA3A9324BE28A500CB8939 /* NoticeTableViewCellThree.swift */,
			);
			path = TableCell;
			sourceTree = "<group>";
		};
/* End PBXGroup section */

/* Begin PBXNativeTarget section */
		FD45F24A24AA591300F304BD /* ulink */ = {
			isa = PBXNativeTarget;
			buildConfigurationList = FD45F25F24AA591500F304BD /* Build configuration list for PBXNativeTarget "ulink" */;
			buildPhases = (
				26332F99CD6D236AF62CE08C /* [CP] Check Pods Manifest.lock */,
				FD45F24724AA591300F304BD /* Sources */,
				FD45F24824AA591300F304BD /* Frameworks */,
				FD45F24924AA591300F304BD /* Resources */,
				9F38C775004615FEBDA21D26 /* [CP] Embed Pods Frameworks */,
			);
			buildRules = (
			);
			dependencies = (
			);
			name = ulink;
			productName = ulink;
			productReference = FD45F24B24AA591300F304BD /* ulink.app */;
			productType = "com.apple.product-type.application";
		};
/* End PBXNativeTarget section */

/* Begin PBXProject section */
		FD45F24324AA591300F304BD /* Project object */ = {
			isa = PBXProject;
			attributes = {
				LastSwiftUpdateCheck = 1150;
				LastUpgradeCheck = 1150;
				ORGANIZATIONNAME = "송지훈";
				TargetAttributes = {
					FD45F24A24AA591300F304BD = {
						CreatedOnToolsVersion = 11.5;
					};
				};
			};
			buildConfigurationList = FD45F24624AA591300F304BD /* Build configuration list for PBXProject "ulink" */;
			compatibilityVersion = "Xcode 9.3";
			developmentRegion = en;
			hasScannedForEncodings = 0;
			knownRegions = (
				en,
				Base,
			);
			mainGroup = FD45F24224AA591300F304BD;
			productRefGroup = FD45F24C24AA591300F304BD /* Products */;
			projectDirPath = "";
			projectRoot = "";
			targets = (
				FD45F24A24AA591300F304BD /* ulink */,
			);
		};
/* End PBXProject section */

/* Begin PBXResourcesBuildPhase section */
		FD45F24924AA591300F304BD /* Resources */ = {
			isa = PBXResourcesBuildPhase;
			buildActionMask = 2147483647;
			files = (
				FD1398A924C0469900C2B44C /* io_login_img.gif in Resources */,
				29970E6D24BF662F0034840E /* ColorPick.storyboard in Resources */,
				299DA9FD24C0328E00F023FD /* MyPage.storyboard in Resources */,
				FD5CCBDF24AAF4AE009FCDDB /* GoogleService-Info.plist in Resources */,
				FD6B17A424B0F8BB00E8B9A8 /* TimeTable.storyboard in Resources */,
				FD45F25B24AA591500F304BD /* LaunchScreen.storyboard in Resources */,
				299DACFE24B813FE008181FA /* Calendar.storyboard in Resources */,
				FD45F25824AA591500F304BD /* Assets.xcassets in Resources */,
				299DA9FB24C0327F00F023FD /* Review.storyboard in Resources */,
				FD19DC1A24AD1121000C2AEC /* RemoteConfigDefaults.plist in Resources */,
				299DA9F824C0327F00F023FD /* Filter.storyboard in Resources */,
				299DA9F924C0327F00F023FD /* CreateTimeTable.storyboard in Resources */,
				FD1398A724C02A4300C2B44C /* io_ulink_splash.gif in Resources */,
				299DA9FF24C0329500F023FD /* Chatting.storyboard in Resources */,
				299DA9F724C0327F00F023FD /* Alarm.storyboard in Resources */,
				FD45F25624AA591300F304BD /* Main.storyboard in Resources */,
				299DA9FA24C0327F00F023FD /* Search.storyboard in Resources */,
			);
			runOnlyForDeploymentPostprocessing = 0;
		};
/* End PBXResourcesBuildPhase section */

/* Begin PBXShellScriptBuildPhase section */
		26332F99CD6D236AF62CE08C /* [CP] Check Pods Manifest.lock */ = {
			isa = PBXShellScriptBuildPhase;
			buildActionMask = 2147483647;
			files = (
			);
			inputFileListPaths = (
			);
			inputPaths = (
				"${PODS_PODFILE_DIR_PATH}/Podfile.lock",
				"${PODS_ROOT}/Manifest.lock",
			);
			name = "[CP] Check Pods Manifest.lock";
			outputFileListPaths = (
			);
			outputPaths = (
				"$(DERIVED_FILE_DIR)/Pods-ulink-checkManifestLockResult.txt",
			);
			runOnlyForDeploymentPostprocessing = 0;
			shellPath = /bin/sh;
			shellScript = "diff \"${PODS_PODFILE_DIR_PATH}/Podfile.lock\" \"${PODS_ROOT}/Manifest.lock\" > /dev/null\nif [ $? != 0 ] ; then\n    # print error to STDERR\n    echo \"error: The sandbox is not in sync with the Podfile.lock. Run 'pod install' or update your CocoaPods installation.\" >&2\n    exit 1\nfi\n# This output is used by Xcode 'outputs' to avoid re-running this script phase.\necho \"SUCCESS\" > \"${SCRIPT_OUTPUT_FILE_0}\"\n";
			showEnvVarsInLog = 0;
		};
		9F38C775004615FEBDA21D26 /* [CP] Embed Pods Frameworks */ = {
			isa = PBXShellScriptBuildPhase;
			buildActionMask = 2147483647;
			files = (
			);
			inputFileListPaths = (
				"${PODS_ROOT}/Target Support Files/Pods-ulink/Pods-ulink-frameworks-${CONFIGURATION}-input-files.xcfilelist",
			);
			name = "[CP] Embed Pods Frameworks";
			outputFileListPaths = (
				"${PODS_ROOT}/Target Support Files/Pods-ulink/Pods-ulink-frameworks-${CONFIGURATION}-output-files.xcfilelist",
			);
			runOnlyForDeploymentPostprocessing = 0;
			shellPath = /bin/sh;
			shellScript = "\"${PODS_ROOT}/Target Support Files/Pods-ulink/Pods-ulink-frameworks.sh\"\n";
			showEnvVarsInLog = 0;
		};
/* End PBXShellScriptBuildPhase section */

/* Begin PBXSourcesBuildPhase section */
		FD45F24724AA591300F304BD /* Sources */ = {
			isa = PBXSourcesBuildPhase;
			buildActionMask = 2147483647;
			files = (
				29C6BB6524BE3F080026747C /* SearchRecommendService.swift in Sources */,
				FDFA3A9624BE3E8D00CB8939 /* NoticeDetailService.swift in Sources */,
				B595298D24BCC7E5008139E6 /* AddTimeInfoCell.swift in Sources */,
				29AC521124BB9E040007E019 /* SearchViewController.swift in Sources */,
				299DAD1224BAF26D008181FA /* DetailEventViewController.swift in Sources */,
				FD19DC0724AD01C5000C2AEC /* LoginViewController.swift in Sources */,
				FD1A4B0124B604B1000120A6 /* NoticeDetailTableCell.swift in Sources */,
				FD7E7BEE24BF37CE007CF404 /* LoadChattingListService.swift in Sources */,
				FD1398AE24C100CF00C2B44C /* MajorFilterService.swift in Sources */,
				B51EC8AA24B1C6F400F3833B /* TimeTableModel.swift in Sources */,
				299DACF024B70AFF008181FA /* EventModel.swift in Sources */,
				FD7C731424BCC70B003ADAE8 /* LoginSuccessData.swift in Sources */,
				FDFAA0F324B03A8D00D22EAD /* rightSideMenuViewController.swift in Sources */,
				FDFA3A9424BE28A500CB8939 /* NoticeTableViewCellThree.swift in Sources */,
				B513511F24B86BE700BD219B /* AddSubjectDetailViewController.swift in Sources */,
				B599E62F24ADAA320067C112 /* SubjectModel.swift in Sources */,
				29970E7624BF9EC70034840E /* ColorModel.swift in Sources */,
				FD45F25324AA591300F304BD /* ViewController.swift in Sources */,
				FD8EE90924B7820F000E5A48 /* timeModel.swift in Sources */,
				FD7E7BFF24BF6657007CF404 /* ChattingListData.swift in Sources */,
				FD7E7BF724BF4F27007CF404 /* SplashViewController.swift in Sources */,
				FDFA3A9A24BEAFCE00CB8939 /* LoginService.swift in Sources */,
				FDFA3A9E24BEF6E200CB8939 /* NoticeModifyService.swift in Sources */,
				FD19DC1624AD04A2000C2AEC /* NetworkResult.swift in Sources */,
				B5DBF3DC24BEF1A50013BB33 /* SubjectDetailService.swift in Sources */,
				B5C8A3C824AF12DE00B1B318 /* CalendarViewController.swift in Sources */,
				B52F9DEA24BE129000B57CA1 /* SubjectInfoCell.swift in Sources */,
				FD8EE90624B73939000E5A48 /* NoticeEditModeViewController.swift in Sources */,
				FDFA3A8324BCE7B700CB8939 /* NormalFilterViewController.swift in Sources */,
				B5F025D624C11BDE007403C9 /* TimeTableSettingService.swift in Sources */,
				FD1A4AFB24B5A0B7000120A6 /* CreateTimeTableViewController.swift in Sources */,
				FD19DC1224AD03D6000C2AEC /* ChattingTableViewCell.swift in Sources */,
				B5D26A4A24B5E7E60047A2DC /* CreateNewSheetCell.swift in Sources */,
				FD7C730E24BCA4C4003ADAE8 /* SignInData.swift in Sources */,
				B513511C24B7BA5300BD219B /* AddSubjectByDragViewController.swift in Sources */,
				FD6B17AB24B195BE00E8B9A8 /* NoticeModel.swift in Sources */,
				B5A2784224ADE0E500A0F4A4 /* Extenstions+UIColor.swift in Sources */,
				29970E7224BF90390034840E /* ColorPickViewController.swift in Sources */,
				B590A31524C0BFF8006637D0 /* CartService.swift in Sources */,
				FD19DC0924AD02C8000C2AEC /* SignupViewController.swift in Sources */,
				FDFA3A9824BEA7DA00CB8939 /* NoticeEditService.swift in Sources */,
				29970E4924BEB1F10034840E /* LoginService.swift in Sources */,
				FDFA3A8724BD7DD100CB8939 /* MajorFilterTableViewCell.swift in Sources */,
				29C6BB5D24BD92F80026747C /* CalendarService.swift in Sources */,
				B5DBF3E224C04BBA0013BB33 /* PersonalScheduleModel.swift in Sources */,
				FD19DC0F24AD0365000C2AEC /* ChatModel.swift in Sources */,
				FD1A4AFD24B60427000120A6 /* NoticeDetailViewController.swift in Sources */,
				299DAD0224B837B7008181FA /* EventListHeaderCell.swift in Sources */,
				B51EC8A624B1BF9300F3833B /* TimeTableListViewController.swift in Sources */,
				FD8EE90E24B83744000E5A48 /* MessageModel.swift in Sources */,
				FD19DC1824AD061D000C2AEC /* ChattingRoomViewController.swift in Sources */,
				FD79B5CD24B713AB00020118 /* NoticeEditViewController.swift in Sources */,
				B5DBF3E024BFA6B40013BB33 /* TimeTableService.swift in Sources */,
				B5F0E41F24B21FFF001AAFA6 /* TimeTableListFooter.swift in Sources */,
				FD8EE90C24B80918000E5A48 /* pickerTimeModel.swift in Sources */,
				299DACF424B78785008181FA /* EventCell.swift in Sources */,
				292B1CED24AF0AA700B4EC79 /* DayCell.swift in Sources */,
				B513512324B8BCD100BD219B /* TimeInfoModel.swift in Sources */,
				29C6BB6224BE3DFE0026747C /* SearchRecommendData.swift in Sources */,
				29AC521E24BCF8B50007E019 /* GradeSelectViewController.swift in Sources */,
				FD79B5D324B7148B00020118 /* NoticeEditTableViewCell.swift in Sources */,
				B595299224BCFCF3008139E6 /* SubjectDetailViewController.swift in Sources */,
				FD19DC3124AE0B44000C2AEC /* ClassModel.swift in Sources */,
				B590A30F24C05133006637D0 /* PersonalScheduleService.swift in Sources */,
				29AC521A24BC60910007E019 /* ReviewViewController.swift in Sources */,
				B55F0ED824BCACBF007048A6 /* AlarmCell.swift in Sources */,
				B5A2783F24ADDD3A00A0F4A4 /* TimeTableViewController.swift in Sources */,
				B5F0E41D24B214DB001AAFA6 /* TimeTableListHeader.swift in Sources */,
				B52F9DE824BDA94800B57CA1 /* TimeTableResponse.swift in Sources */,
				FD45F24F24AA591300F304BD /* AppDelegate.swift in Sources */,
				B51EC8A324B1099700F3833B /* TimeTableSettingViewController.swift in Sources */,
				FD6B17A224B0F85000E8B9A8 /* ColorFilter.swift in Sources */,
				B599E63224ADAA7F0067C112 /* TimeTable.swift in Sources */,
				FDFA3A8F24BDA83300CB8939 /* NoticeService.swift in Sources */,
				299DACF224B785FE008181FA /* EventListViewController.swift in Sources */,
				B5DBF3DE24BF7CAF0013BB33 /* ListTimeTableService.swift in Sources */,
				29AC521324BB9E5D0007E019 /* SearchedCell.swift in Sources */,
				FDFA3A9C24BEB4DD00CB8939 /* NoticeUploadData.swift in Sources */,
				B599E63924ADAAD20067C112 /* SubjectCell.swift in Sources */,
				FD19DC1424AD03FB000C2AEC /* ChattingViewController.swift in Sources */,
				29AC521524BB9E720007E019 /* RealTimeSearchCell.swift in Sources */,
				FD1398AB24C0646000C2B44C /* NoticeDeleteService.swift in Sources */,
				FDFAA0F724B0E0A400D22EAD /* NoticeTableViewCell.swift in Sources */,
				FD7E7BF024BF3848007CF404 /* ChattingListModel.swift in Sources */,
				FDFA3A9224BE288D00CB8939 /* NoticeTableViewCellTwo.swift in Sources */,
				FD19DC0B24AD02ED000C2AEC /* UserModel.swift in Sources */,
				FD19DC0D24AD0356000C2AEC /* APIConstant.swift in Sources */,
				FD1A4AFA24B5A0B7000120A6 /* CreateTimeTableCell.swift in Sources */,
				B5F0E41B24B1E4CF001AAFA6 /* TimeTableListCell.swift in Sources */,
				B51EC8A824B1C4DF00F3833B /* ListSemester.swift in Sources */,
				29970E7424BF915F0034840E /* ColorPickCell.swift in Sources */,
				FD45F25124AA591300F304BD /* SceneDelegate.swift in Sources */,
				FD717F0C24BC22AE005C81AE /* MyPageViewController.swift in Sources */,
				B599FADB24BCA908005DB6E7 /* SubjectTimeInfoCell.swift in Sources */,
				FDFAA0F524B0D1A600D22EAD /* NoticeViewController.swift in Sources */,
				FDFA3A8D24BDA63000CB8939 /* SubjectNoticeData.swift in Sources */,
				B599E63724ADAAB40067C112 /* TimeTableController.swift in Sources */,
				B52F9DE524BDA7E300B57CA1 /* MainTimeTableService.swift in Sources */,
				FDFA3A8524BCF27600CB8939 /* MajorFilterViewController.swift in Sources */,
				B599E63424ADAA960067C112 /* TimeTableDay.swift in Sources */,
				B5F025D224C0FE40007403C9 /* TimeTableContainer.swift in Sources */,
				B590A31124C0593B006637D0 /* SubjectService.swift in Sources */,
				299DAD0E24BABC93008181FA /* AlarmViewController.swift in Sources */,
				29C6BB5F24BD9EF20026747C /* CalendarData.swift in Sources */,
				FD6B17AD24B1A2BC00E8B9A8 /* PopupViewController.swift in Sources */,
				B5F025D424C113C5007403C9 /* SearchService.swift in Sources */,
				B595298F24BCD592008139E6 /* CustomPickerViewController.swift in Sources */,
				29AC520E24BB838A0007E019 /* Databases.swift in Sources */,
			);
			runOnlyForDeploymentPostprocessing = 0;
		};
/* End PBXSourcesBuildPhase section */

/* Begin PBXVariantGroup section */
		FD45F25424AA591300F304BD /* Main.storyboard */ = {
			isa = PBXVariantGroup;
			children = (
				FD45F25524AA591300F304BD /* Base */,
			);
			name = Main.storyboard;
			sourceTree = "<group>";
		};
		FD45F25924AA591500F304BD /* LaunchScreen.storyboard */ = {
			isa = PBXVariantGroup;
			children = (
				FD45F25A24AA591500F304BD /* Base */,
			);
			name = LaunchScreen.storyboard;
			sourceTree = "<group>";
		};
/* End PBXVariantGroup section */

/* Begin XCBuildConfiguration section */
		FD45F25D24AA591500F304BD /* Debug */ = {
			isa = XCBuildConfiguration;
			buildSettings = {
				ALWAYS_SEARCH_USER_PATHS = NO;
				CLANG_ANALYZER_NONNULL = YES;
				CLANG_ANALYZER_NUMBER_OBJECT_CONVERSION = YES_AGGRESSIVE;
				CLANG_CXX_LANGUAGE_STANDARD = "gnu++14";
				CLANG_CXX_LIBRARY = "libc++";
				CLANG_ENABLE_MODULES = YES;
				CLANG_ENABLE_OBJC_ARC = YES;
				CLANG_ENABLE_OBJC_WEAK = YES;
				CLANG_WARN_BLOCK_CAPTURE_AUTORELEASING = YES;
				CLANG_WARN_BOOL_CONVERSION = YES;
				CLANG_WARN_COMMA = YES;
				CLANG_WARN_CONSTANT_CONVERSION = YES;
				CLANG_WARN_DEPRECATED_OBJC_IMPLEMENTATIONS = YES;
				CLANG_WARN_DIRECT_OBJC_ISA_USAGE = YES_ERROR;
				CLANG_WARN_DOCUMENTATION_COMMENTS = YES;
				CLANG_WARN_EMPTY_BODY = YES;
				CLANG_WARN_ENUM_CONVERSION = YES;
				CLANG_WARN_INFINITE_RECURSION = YES;
				CLANG_WARN_INT_CONVERSION = YES;
				CLANG_WARN_NON_LITERAL_NULL_CONVERSION = YES;
				CLANG_WARN_OBJC_IMPLICIT_RETAIN_SELF = YES;
				CLANG_WARN_OBJC_LITERAL_CONVERSION = YES;
				CLANG_WARN_OBJC_ROOT_CLASS = YES_ERROR;
				CLANG_WARN_RANGE_LOOP_ANALYSIS = YES;
				CLANG_WARN_STRICT_PROTOTYPES = YES;
				CLANG_WARN_SUSPICIOUS_MOVE = YES;
				CLANG_WARN_UNGUARDED_AVAILABILITY = YES_AGGRESSIVE;
				CLANG_WARN_UNREACHABLE_CODE = YES;
				CLANG_WARN__DUPLICATE_METHOD_MATCH = YES;
				COPY_PHASE_STRIP = NO;
				DEBUG_INFORMATION_FORMAT = dwarf;
				ENABLE_STRICT_OBJC_MSGSEND = YES;
				ENABLE_TESTABILITY = YES;
				GCC_C_LANGUAGE_STANDARD = gnu11;
				GCC_DYNAMIC_NO_PIC = NO;
				GCC_NO_COMMON_BLOCKS = YES;
				GCC_OPTIMIZATION_LEVEL = 0;
				GCC_PREPROCESSOR_DEFINITIONS = (
					"DEBUG=1",
					"$(inherited)",
				);
				GCC_WARN_64_TO_32_BIT_CONVERSION = YES;
				GCC_WARN_ABOUT_RETURN_TYPE = YES_ERROR;
				GCC_WARN_UNDECLARED_SELECTOR = YES;
				GCC_WARN_UNINITIALIZED_AUTOS = YES_AGGRESSIVE;
				GCC_WARN_UNUSED_FUNCTION = YES;
				GCC_WARN_UNUSED_VARIABLE = YES;
				IPHONEOS_DEPLOYMENT_TARGET = 13.5;
				MTL_ENABLE_DEBUG_INFO = INCLUDE_SOURCE;
				MTL_FAST_MATH = YES;
				ONLY_ACTIVE_ARCH = YES;
				SDKROOT = iphoneos;
				SWIFT_ACTIVE_COMPILATION_CONDITIONS = DEBUG;
				SWIFT_OPTIMIZATION_LEVEL = "-Onone";
			};
			name = Debug;
		};
		FD45F25E24AA591500F304BD /* Release */ = {
			isa = XCBuildConfiguration;
			buildSettings = {
				ALWAYS_SEARCH_USER_PATHS = NO;
				CLANG_ANALYZER_NONNULL = YES;
				CLANG_ANALYZER_NUMBER_OBJECT_CONVERSION = YES_AGGRESSIVE;
				CLANG_CXX_LANGUAGE_STANDARD = "gnu++14";
				CLANG_CXX_LIBRARY = "libc++";
				CLANG_ENABLE_MODULES = YES;
				CLANG_ENABLE_OBJC_ARC = YES;
				CLANG_ENABLE_OBJC_WEAK = YES;
				CLANG_WARN_BLOCK_CAPTURE_AUTORELEASING = YES;
				CLANG_WARN_BOOL_CONVERSION = YES;
				CLANG_WARN_COMMA = YES;
				CLANG_WARN_CONSTANT_CONVERSION = YES;
				CLANG_WARN_DEPRECATED_OBJC_IMPLEMENTATIONS = YES;
				CLANG_WARN_DIRECT_OBJC_ISA_USAGE = YES_ERROR;
				CLANG_WARN_DOCUMENTATION_COMMENTS = YES;
				CLANG_WARN_EMPTY_BODY = YES;
				CLANG_WARN_ENUM_CONVERSION = YES;
				CLANG_WARN_INFINITE_RECURSION = YES;
				CLANG_WARN_INT_CONVERSION = YES;
				CLANG_WARN_NON_LITERAL_NULL_CONVERSION = YES;
				CLANG_WARN_OBJC_IMPLICIT_RETAIN_SELF = YES;
				CLANG_WARN_OBJC_LITERAL_CONVERSION = YES;
				CLANG_WARN_OBJC_ROOT_CLASS = YES_ERROR;
				CLANG_WARN_RANGE_LOOP_ANALYSIS = YES;
				CLANG_WARN_STRICT_PROTOTYPES = YES;
				CLANG_WARN_SUSPICIOUS_MOVE = YES;
				CLANG_WARN_UNGUARDED_AVAILABILITY = YES_AGGRESSIVE;
				CLANG_WARN_UNREACHABLE_CODE = YES;
				CLANG_WARN__DUPLICATE_METHOD_MATCH = YES;
				COPY_PHASE_STRIP = NO;
				DEBUG_INFORMATION_FORMAT = "dwarf-with-dsym";
				ENABLE_NS_ASSERTIONS = NO;
				ENABLE_STRICT_OBJC_MSGSEND = YES;
				GCC_C_LANGUAGE_STANDARD = gnu11;
				GCC_NO_COMMON_BLOCKS = YES;
				GCC_WARN_64_TO_32_BIT_CONVERSION = YES;
				GCC_WARN_ABOUT_RETURN_TYPE = YES_ERROR;
				GCC_WARN_UNDECLARED_SELECTOR = YES;
				GCC_WARN_UNINITIALIZED_AUTOS = YES_AGGRESSIVE;
				GCC_WARN_UNUSED_FUNCTION = YES;
				GCC_WARN_UNUSED_VARIABLE = YES;
				IPHONEOS_DEPLOYMENT_TARGET = 13.5;
				MTL_ENABLE_DEBUG_INFO = NO;
				MTL_FAST_MATH = YES;
				SDKROOT = iphoneos;
				SWIFT_COMPILATION_MODE = wholemodule;
				SWIFT_OPTIMIZATION_LEVEL = "-O";
				VALIDATE_PRODUCT = YES;
			};
			name = Release;
		};
		FD45F26024AA591500F304BD /* Debug */ = {
			isa = XCBuildConfiguration;
			baseConfigurationReference = 925CCBD7FDB6FCC72DBB5D65 /* Pods-ulink.debug.xcconfig */;
			buildSettings = {
				ASSETCATALOG_COMPILER_APPICON_NAME = AppIcon;
				CODE_SIGN_STYLE = Automatic;
				DEVELOPMENT_TEAM = 4JPTB87CQ5;
				INFOPLIST_FILE = ulink/Info.plist;
				LD_RUNPATH_SEARCH_PATHS = (
					"$(inherited)",
					"@executable_path/Frameworks",
				);
				PRODUCT_BUNDLE_IDENTIFIER = nkrang.ulink;
				PRODUCT_NAME = "$(TARGET_NAME)";
				SWIFT_VERSION = 5.0;
				TARGETED_DEVICE_FAMILY = "1,2";
			};
			name = Debug;
		};
		FD45F26124AA591500F304BD /* Release */ = {
			isa = XCBuildConfiguration;
			baseConfigurationReference = 55811ECF95B6405A848C7F0E /* Pods-ulink.release.xcconfig */;
			buildSettings = {
				ASSETCATALOG_COMPILER_APPICON_NAME = AppIcon;
				CODE_SIGN_STYLE = Manual;
				DEVELOPMENT_TEAM = "";
				INFOPLIST_FILE = ulink/Info.plist;
				LD_RUNPATH_SEARCH_PATHS = (
					"$(inherited)",
					"@executable_path/Frameworks",
				);
				PRODUCT_BUNDLE_IDENTIFIER = nkrang.ulink;
				PRODUCT_NAME = "$(TARGET_NAME)";
				PROVISIONING_PROFILE_SPECIFIER = "";
				SWIFT_VERSION = 5.0;
				TARGETED_DEVICE_FAMILY = "1,2";
			};
			name = Release;
		};
/* End XCBuildConfiguration section */

/* Begin XCConfigurationList section */
		FD45F24624AA591300F304BD /* Build configuration list for PBXProject "ulink" */ = {
			isa = XCConfigurationList;
			buildConfigurations = (
				FD45F25D24AA591500F304BD /* Debug */,
				FD45F25E24AA591500F304BD /* Release */,
			);
			defaultConfigurationIsVisible = 0;
			defaultConfigurationName = Release;
		};
		FD45F25F24AA591500F304BD /* Build configuration list for PBXNativeTarget "ulink" */ = {
			isa = XCConfigurationList;
			buildConfigurations = (
				FD45F26024AA591500F304BD /* Debug */,
				FD45F26124AA591500F304BD /* Release */,
			);
			defaultConfigurationIsVisible = 0;
			defaultConfigurationName = Release;
		};
/* End XCConfigurationList section */
	};
	rootObject = FD45F24324AA591300F304BD /* Project object */;
}
